
Microsoft Visual Studio Solution File, Format Version 12.00
# Visual Studio 14
VisualStudioVersion = 14.0.25420.1
MinimumVisualStudioVersion = 10.0.40219.1
Project("{FAE04EC0-301F-11D3-BF4B-00C04F79EFBC}") = "Ileri_Ders2.Android", "Ileri-Ders2\Ileri_Ders2.Android\Ileri_Ders2.Android.csproj", "{8EC250D0-DB4A-4C65-A4E3-5BD09EA9B958}"
EndProject
Project("{FAE04EC0-301F-11D3-BF4B-00C04F79EFBC}") = "Ileri_Ders2", "Ileri-Ders2\Ileri_Ders2\Ileri_Ders2.csproj", "{A3D91595-39CE-49E7-9CF3-8F4C532C8784}"
EndProject
Project("{FAE04EC0-301F-11D3-BF4B-00C04F79EFBC}") = "Ileri_Ders2.UWP", "Ileri-Ders2\Ileri_Ders2.UWP\Ileri_Ders2.UWP.csproj", "{736AF62D-C184-4335-A727-0A9F83AAE289}"
EndProject
Project("{FAE04EC0-301F-11D3-BF4B-00C04F79EFBC}") = "Ileri_Ders2.iOS", "Ileri-Ders2\Ileri_Ders2.iOS\Ileri_Ders2.iOS.csproj", "{93A0D71D-2CAC-4577-B1FE-09BEB26B1ADF}"
EndProject
Global
	GlobalSection(SolutionConfigurationPlatforms) = preSolution
		Ad-Hoc|Any CPU = Ad-Hoc|Any CPU
		Ad-Hoc|ARM = Ad-Hoc|ARM
		Ad-Hoc|iPhone = Ad-Hoc|iPhone
		Ad-Hoc|iPhoneSimulator = Ad-Hoc|iPhoneSimulator
		Ad-Hoc|x64 = Ad-Hoc|x64
		Ad-Hoc|x86 = Ad-Hoc|x86
		AppStore|Any CPU = AppStore|Any CPU
		AppStore|ARM = AppStore|ARM
		AppStore|iPhone = AppStore|iPhone
		AppStore|iPhoneSimulator = AppStore|iPhoneSimulator
		AppStore|x64 = AppStore|x64
		AppStore|x86 = AppStore|x86
		Debug|Any CPU = Debug|Any CPU
		Debug|ARM = Debug|ARM
		Debug|iPhone = Debug|iPhone
		Debug|iPhoneSimulator = Debug|iPhoneSimulator
		Debug|x64 = Debug|x64
		Debug|x86 = Debug|x86
		Release|Any CPU = Release|Any CPU
		Release|ARM = Release|ARM
		Release|iPhone = Release|iPhone
		Release|iPhoneSimulator = Release|iPhoneSimulator
		Release|x64 = Release|x64
		Release|x86 = Release|x86
	EndGlobalSection
	GlobalSection(ProjectConfigurationPlatforms) = postSolution
		{8EC250D0-DB4A-4C65-A4E3-5BD09EA9B958}.Ad-Hoc|Any CPU.ActiveCfg = Release|Any CPU
		{8EC250D0-DB4A-4C65-A4E3-5BD09EA9B958}.Ad-Hoc|Any CPU.Build.0 = Release|Any CPU
		{8EC250D0-DB4A-4C65-A4E3-5BD09EA9B958}.Ad-Hoc|Any CPU.Deploy.0 = Release|Any CPU
		{8EC250D0-DB4A-4C65-A4E3-5BD09EA9B958}.Ad-Hoc|ARM.ActiveCfg = Release|Any CPU
		{8EC250D0-DB4A-4C65-A4E3-5BD09EA9B958}.Ad-Hoc|ARM.Build.0 = Release|Any CPU
		{8EC250D0-DB4A-4C65-A4E3-5BD09EA9B958}.Ad-Hoc|ARM.Deploy.0 = Release|Any CPU
		{8EC250D0-DB4A-4C65-A4E3-5BD09EA9B958}.Ad-Hoc|iPhone.ActiveCfg = Release|Any CPU
		{8EC250D0-DB4A-4C65-A4E3-5BD09EA9B958}.Ad-Hoc|iPhone.Build.0 = Release|Any CPU
		{8EC250D0-DB4A-4C65-A4E3-5BD09EA9B958}.Ad-Hoc|iPhone.Deploy.0 = Release|Any CPU
		{8EC250D0-DB4A-4C65-A4E3-5BD09EA9B958}.Ad-Hoc|iPhoneSimulator.ActiveCfg = Release|Any CPU
		{8EC250D0-DB4A-4C65-A4E3-5BD09EA9B958}.Ad-Hoc|iPhoneSimulator.Build.0 = Release|Any CPU
		{8EC250D0-DB4A-4C65-A4E3-5BD09EA9B958}.Ad-Hoc|iPhoneSimulator.Deploy.0 = Release|Any CPU
		{8EC250D0-DB4A-4C65-A4E3-5BD09EA9B958}.Ad-Hoc|x64.ActiveCfg = Release|Any CPU
		{8EC250D0-DB4A-4C65-A4E3-5BD09EA9B958}.Ad-Hoc|x64.Build.0 = Release|Any CPU
		{8EC250D0-DB4A-4C65-A4E3-5BD09EA9B958}.Ad-Hoc|x64.Deploy.0 = Release|Any CPU
		{8EC250D0-DB4A-4C65-A4E3-5BD09EA9B958}.Ad-Hoc|x86.ActiveCfg = Release|Any CPU
		{8EC250D0-DB4A-4C65-A4E3-5BD09EA9B958}.Ad-Hoc|x86.Build.0 = Release|Any CPU
		{8EC250D0-DB4A-4C65-A4E3-5BD09EA9B958}.Ad-Hoc|x86.Deploy.0 = Release|Any CPU
		{8EC250D0-DB4A-4C65-A4E3-5BD09EA9B958}.AppStore|Any CPU.ActiveCfg = Release|Any CPU
		{8EC250D0-DB4A-4C65-A4E3-5BD09EA9B958}.AppStore|Any CPU.Build.0 = Release|Any CPU
		{8EC250D0-DB4A-4C65-A4E3-5BD09EA9B958}.AppStore|Any CPU.Deploy.0 = Release|Any CPU
		{8EC250D0-DB4A-4C65-A4E3-5BD09EA9B958}.AppStore|ARM.ActiveCfg = Release|Any CPU
		{8EC250D0-DB4A-4C65-A4E3-5BD09EA9B958}.AppStore|ARM.Build.0 = Release|Any CPU
		{8EC250D0-DB4A-4C65-A4E3-5BD09EA9B958}.AppStore|ARM.Deploy.0 = Release|Any CPU
		{8EC250D0-DB4A-4C65-A4E3-5BD09EA9B958}.AppStore|iPhone.ActiveCfg = Release|Any CPU
		{8EC250D0-DB4A-4C65-A4E3-5BD09EA9B958}.AppStore|iPhone.Build.0 = Release|Any CPU
		{8EC250D0-DB4A-4C65-A4E3-5BD09EA9B958}.AppStore|iPhone.Deploy.0 = Release|Any CPU
		{8EC250D0-DB4A-4C65-A4E3-5BD09EA9B958}.AppStore|iPhoneSimulator.ActiveCfg = Release|Any CPU
		{8EC250D0-DB4A-4C65-A4E3-5BD09EA9B958}.AppStore|iPhoneSimulator.Build.0 = Release|Any CPU
		{8EC250D0-DB4A-4C65-A4E3-5BD09EA9B958}.AppStore|iPhoneSimulator.Deploy.0 = Release|Any CPU
		{8EC250D0-DB4A-4C65-A4E3-5BD09EA9B958}.AppStore|x64.ActiveCfg = Release|Any CPU
		{8EC250D0-DB4A-4C65-A4E3-5BD09EA9B958}.AppStore|x64.Build.0 = Release|Any CPU
		{8EC250D0-DB4A-4C65-A4E3-5BD09EA9B958}.AppStore|x64.Deploy.0 = Release|Any CPU
		{8EC250D0-DB4A-4C65-A4E3-5BD09EA9B958}.AppStore|x86.ActiveCfg = Release|Any CPU
		{8EC250D0-DB4A-4C65-A4E3-5BD09EA9B958}.AppStore|x86.Build.0 = Release|Any CPU
		{8EC250D0-DB4A-4C65-A4E3-5BD09EA9B958}.AppStore|x86.Deploy.0 = Release|Any CPU
		{8EC250D0-DB4A-4C65-A4E3-5BD09EA9B958}.Debug|Any CPU.ActiveCfg = Debug|Any CPU
		{8EC250D0-DB4A-4C65-A4E3-5BD09EA9B958}.Debug|Any CPU.Build.0 = Debug|Any CPU
		{8EC250D0-DB4A-4C65-A4E3-5BD09EA9B958}.Debug|Any CPU.Deploy.0 = Debug|Any CPU
		{8EC250D0-DB4A-4C65-A4E3-5BD09EA9B958}.Debug|ARM.ActiveCfg = Debug|Any CPU
		{8EC250D0-DB4A-4C65-A4E3-5BD09EA9B958}.Debug|ARM.Build.0 = Debug|Any CPU
		{8EC250D0-DB4A-4C65-A4E3-5BD09EA9B958}.Debug|ARM.Deploy.0 = Debug|Any CPU
		{8EC250D0-DB4A-4C65-A4E3-5BD09EA9B958}.Debug|iPhone.ActiveCfg = Debug|Any CPU
		{8EC250D0-DB4A-4C65-A4E3-5BD09EA9B958}.Debug|iPhone.Build.0 = Debug|Any CPU
		{8EC250D0-DB4A-4C65-A4E3-5BD09EA9B958}.Debug|iPhone.Deploy.0 = Debug|Any CPU
		{8EC250D0-DB4A-4C65-A4E3-5BD09EA9B958}.Debug|iPhoneSimulator.ActiveCfg = Debug|Any CPU
		{8EC250D0-DB4A-4C65-A4E3-5BD09EA9B958}.Debug|iPhoneSimulator.Build.0 = Debug|Any CPU
		{8EC250D0-DB4A-4C65-A4E3-5BD09EA9B958}.Debug|iPhoneSimulator.Deploy.0 = Debug|Any CPU
		{8EC250D0-DB4A-4C65-A4E3-5BD09EA9B958}.Debug|x64.ActiveCfg = Debug|Any CPU
		{8EC250D0-DB4A-4C65-A4E3-5BD09EA9B958}.Debug|x64.Build.0 = Debug|Any CPU
		{8EC250D0-DB4A-4C65-A4E3-5BD09EA9B958}.Debug|x64.Deploy.0 = Debug|Any CPU
		{8EC250D0-DB4A-4C65-A4E3-5BD09EA9B958}.Debug|x86.ActiveCfg = Debug|Any CPU
		{8EC250D0-DB4A-4C65-A4E3-5BD09EA9B958}.Debug|x86.Build.0 = Debug|Any CPU
		{8EC250D0-DB4A-4C65-A4E3-5BD09EA9B958}.Debug|x86.Deploy.0 = Debug|Any CPU
		{8EC250D0-DB4A-4C65-A4E3-5BD09EA9B958}.Release|Any CPU.ActiveCfg = Release|Any CPU
		{8EC250D0-DB4A-4C65-A4E3-5BD09EA9B958}.Release|Any CPU.Build.0 = Release|Any CPU
		{8EC250D0-DB4A-4C65-A4E3-5BD09EA9B958}.Release|Any CPU.Deploy.0 = Release|Any CPU
		{8EC250D0-DB4A-4C65-A4E3-5BD09EA9B958}.Release|ARM.ActiveCfg = Release|Any CPU
		{8EC250D0-DB4A-4C65-A4E3-5BD09EA9B958}.Release|ARM.Build.0 = Release|Any CPU
		{8EC250D0-DB4A-4C65-A4E3-5BD09EA9B958}.Release|ARM.Deploy.0 = Release|Any CPU
		{8EC250D0-DB4A-4C65-A4E3-5BD09EA9B958}.Release|iPhone.ActiveCfg = Release|Any CPU
		{8EC250D0-DB4A-4C65-A4E3-5BD09EA9B958}.Release|iPhone.Build.0 = Release|Any CPU
		{8EC250D0-DB4A-4C65-A4E3-5BD09EA9B958}.Release|iPhone.Deploy.0 = Release|Any CPU
		{8EC250D0-DB4A-4C65-A4E3-5BD09EA9B958}.Release|iPhoneSimulator.ActiveCfg = Release|Any CPU
		{8EC250D0-DB4A-4C65-A4E3-5BD09EA9B958}.Release|iPhoneSimulator.Build.0 = Release|Any CPU
		{8EC250D0-DB4A-4C65-A4E3-5BD09EA9B958}.Release|iPhoneSimulator.Deploy.0 = Release|Any CPU
		{8EC250D0-DB4A-4C65-A4E3-5BD09EA9B958}.Release|x64.ActiveCfg = Release|Any CPU
		{8EC250D0-DB4A-4C65-A4E3-5BD09EA9B958}.Release|x64.Build.0 = Release|Any CPU
		{8EC250D0-DB4A-4C65-A4E3-5BD09EA9B958}.Release|x64.Deploy.0 = Release|Any CPU
		{8EC250D0-DB4A-4C65-A4E3-5BD09EA9B958}.Release|x86.ActiveCfg = Release|Any CPU
		{8EC250D0-DB4A-4C65-A4E3-5BD09EA9B958}.Release|x86.Build.0 = Release|Any CPU
		{8EC250D0-DB4A-4C65-A4E3-5BD09EA9B958}.Release|x86.Deploy.0 = Release|Any CPU
		{A3D91595-39CE-49E7-9CF3-8F4C532C8784}.Ad-Hoc|Any CPU.ActiveCfg = Release|Any CPU
		{A3D91595-39CE-49E7-9CF3-8F4C532C8784}.Ad-Hoc|Any CPU.Build.0 = Release|Any CPU
		{A3D91595-39CE-49E7-9CF3-8F4C532C8784}.Ad-Hoc|ARM.ActiveCfg = Release|Any CPU
		{A3D91595-39CE-49E7-9CF3-8F4C532C8784}.Ad-Hoc|ARM.Build.0 = Release|Any CPU
		{A3D91595-39CE-49E7-9CF3-8F4C532C8784}.Ad-Hoc|iPhone.ActiveCfg = Release|Any CPU
		{A3D91595-39CE-49E7-9CF3-8F4C532C8784}.Ad-Hoc|iPhone.Build.0 = Release|Any CPU
		{A3D91595-39CE-49E7-9CF3-8F4C532C8784}.Ad-Hoc|iPhoneSimulator.ActiveCfg = Release|Any CPU
		{A3D91595-39CE-49E7-9CF3-8F4C532C8784}.Ad-Hoc|iPhoneSimulator.Build.0 = Release|Any CPU
		{A3D91595-39CE-49E7-9CF3-8F4C532C8784}.Ad-Hoc|x64.ActiveCfg = Release|Any CPU
		{A3D91595-39CE-49E7-9CF3-8F4C532C8784}.Ad-Hoc|x64.Build.0 = Release|Any CPU
		{A3D91595-39CE-49E7-9CF3-8F4C532C8784}.Ad-Hoc|x86.ActiveCfg = Release|Any CPU
		{A3D91595-39CE-49E7-9CF3-8F4C532C8784}.Ad-Hoc|x86.Build.0 = Release|Any CPU
		{A3D91595-39CE-49E7-9CF3-8F4C532C8784}.AppStore|Any CPU.ActiveCfg = Release|Any CPU
		{A3D91595-39CE-49E7-9CF3-8F4C532C8784}.AppStore|Any CPU.Build.0 = Release|Any CPU
		{A3D91595-39CE-49E7-9CF3-8F4C532C8784}.AppStore|ARM.ActiveCfg = Release|Any CPU
		{A3D91595-39CE-49E7-9CF3-8F4C532C8784}.AppStore|ARM.Build.0 = Release|Any CPU
		{A3D91595-39CE-49E7-9CF3-8F4C532C8784}.AppStore|iPhone.ActiveCfg = Release|Any CPU
		{A3D91595-39CE-49E7-9CF3-8F4C532C8784}.AppStore|iPhone.Build.0 = Release|Any CPU
		{A3D91595-39CE-49E7-9CF3-8F4C532C8784}.AppStore|iPhoneSimulator.ActiveCfg = Release|Any CPU
		{A3D91595-39CE-49E7-9CF3-8F4C532C8784}.AppStore|iPhoneSimulator.Build.0 = Release|Any CPU
		{A3D91595-39CE-49E7-9CF3-8F4C532C8784}.AppStore|x64.ActiveCfg = Release|Any CPU
		{A3D91595-39CE-49E7-9CF3-8F4C532C8784}.AppStore|x64.Build.0 = Release|Any CPU
		{A3D91595-39CE-49E7-9CF3-8F4C532C8784}.AppStore|x86.ActiveCfg = Release|Any CPU
		{A3D91595-39CE-49E7-9CF3-8F4C532C8784}.AppStore|x86.Build.0 = Release|Any CPU
		{A3D91595-39CE-49E7-9CF3-8F4C532C8784}.Debug|Any CPU.ActiveCfg = Debug|Any CPU
		{A3D91595-39CE-49E7-9CF3-8F4C532C8784}.Debug|Any CPU.Build.0 = Debug|Any CPU
		{A3D91595-39CE-49E7-9CF3-8F4C532C8784}.Debug|ARM.ActiveCfg = Debug|Any CPU
		{A3D91595-39CE-49E7-9CF3-8F4C532C8784}.Debug|ARM.Build.0 = Debug|Any CPU
		{A3D91595-39CE-49E7-9CF3-8F4C532C8784}.Debug|iPhone.ActiveCfg = Debug|Any CPU
		{A3D91595-39CE-49E7-9CF3-8F4C532C8784}.Debug|iPhone.Build.0 = Debug|Any CPU
		{A3D91595-39CE-49E7-9CF3-8F4C532C8784}.Debug|iPhoneSimulator.ActiveCfg = Debug|Any CPU
		{A3D91595-39CE-49E7-9CF3-8F4C532C8784}.Debug|iPhoneSimulator.Build.0 = Debug|Any CPU
		{A3D91595-39CE-49E7-9CF3-8F4C532C8784}.Debug|x64.ActiveCfg = Debug|Any CPU
		{A3D91595-39CE-49E7-9CF3-8F4C532C8784}.Debug|x64.Build.0 = Debug|Any CPU
		{A3D91595-39CE-49E7-9CF3-8F4C532C8784}.Debug|x86.ActiveCfg = Debug|Any CPU
		{A3D91595-39CE-49E7-9CF3-8F4C532C8784}.Debug|x86.Build.0 = Debug|Any CPU
		{A3D91595-39CE-49E7-9CF3-8F4C532C8784}.Release|Any CPU.ActiveCfg = Release|Any CPU
		{A3D91595-39CE-49E7-9CF3-8F4C532C8784}.Release|Any CPU.Build.0 = Release|Any CPU
		{A3D91595-39CE-49E7-9CF3-8F4C532C8784}.Release|ARM.ActiveCfg = Release|Any CPU
		{A3D91595-39CE-49E7-9CF3-8F4C532C8784}.Release|ARM.Build.0 = Release|Any CPU
		{A3D91595-39CE-49E7-9CF3-8F4C532C8784}.Release|iPhone.ActiveCfg = Release|Any CPU
		{A3D91595-39CE-49E7-9CF3-8F4C532C8784}.Release|iPhone.Build.0 = Release|Any CPU
		{A3D91595-39CE-49E7-9CF3-8F4C532C8784}.Release|iPhoneSimulator.ActiveCfg = Release|Any CPU
		{A3D91595-39CE-49E7-9CF3-8F4C532C8784}.Release|iPhoneSimulator.Build.0 = Release|Any CPU
		{A3D91595-39CE-49E7-9CF3-8F4C532C8784}.Release|x64.ActiveCfg = Release|Any CPU
		{A3D91595-39CE-49E7-9CF3-8F4C532C8784}.Release|x64.Build.0 = Release|Any CPU
		{A3D91595-39CE-49E7-9CF3-8F4C532C8784}.Release|x86.ActiveCfg = Release|Any CPU
		{A3D91595-39CE-49E7-9CF3-8F4C532C8784}.Release|x86.Build.0 = Release|Any CPU
		{736AF62D-C184-4335-A727-0A9F83AAE289}.Ad-Hoc|Any CPU.ActiveCfg = Release|x86
		{736AF62D-C184-4335-A727-0A9F83AAE289}.Ad-Hoc|Any CPU.Build.0 = Release|x86
		{736AF62D-C184-4335-A727-0A9F83AAE289}.Ad-Hoc|Any CPU.Deploy.0 = Release|x86
		{736AF62D-C184-4335-A727-0A9F83AAE289}.Ad-Hoc|ARM.ActiveCfg = Release|ARM
		{736AF62D-C184-4335-A727-0A9F83AAE289}.Ad-Hoc|ARM.Build.0 = Release|ARM
		{736AF62D-C184-4335-A727-0A9F83AAE289}.Ad-Hoc|ARM.Deploy.0 = Release|ARM
		{736AF62D-C184-4335-A727-0A9F83AAE289}.Ad-Hoc|iPhone.ActiveCfg = Release|x86
		{736AF62D-C184-4335-A727-0A9F83AAE289}.Ad-Hoc|iPhone.Build.0 = Release|x86
		{736AF62D-C184-4335-A727-0A9F83AAE289}.Ad-Hoc|iPhone.Deploy.0 = Release|x86
		{736AF62D-C184-4335-A727-0A9F83AAE289}.Ad-Hoc|iPhoneSimulator.ActiveCfg = Release|x86
		{736AF62D-C184-4335-A727-0A9F83AAE289}.Ad-Hoc|iPhoneSimulator.Build.0 = Release|x86
		{736AF62D-C184-4335-A727-0A9F83AAE289}.Ad-Hoc|iPhoneSimulator.Deploy.0 = Release|x86
		{736AF62D-C184-4335-A727-0A9F83AAE289}.Ad-Hoc|x64.ActiveCfg = Release|x64
		{736AF62D-C184-4335-A727-0A9F83AAE289}.Ad-Hoc|x64.Build.0 = Release|x64
		{736AF62D-C184-4335-A727-0A9F83AAE289}.Ad-Hoc|x64.Deploy.0 = Release|x64
		{736AF62D-C184-4335-A727-0A9F83AAE289}.Ad-Hoc|x86.ActiveCfg = Release|x86
		{736AF62D-C184-4335-A727-0A9F83AAE289}.Ad-Hoc|x86.Build.0 = Release|x86
		{736AF62D-C184-4335-A727-0A9F83AAE289}.Ad-Hoc|x86.Deploy.0 = Release|x86
		{736AF62D-C184-4335-A727-0A9F83AAE289}.AppStore|Any CPU.ActiveCfg = Release|x86
		{736AF62D-C184-4335-A727-0A9F83AAE289}.AppStore|Any CPU.Build.0 = Release|x86
		{736AF62D-C184-4335-A727-0A9F83AAE289}.AppStore|Any CPU.Deploy.0 = Release|x86
		{736AF62D-C184-4335-A727-0A9F83AAE289}.AppStore|ARM.ActiveCfg = Release|ARM
		{736AF62D-C184-4335-A727-0A9F83AAE289}.AppStore|ARM.Build.0 = Release|ARM
		{736AF62D-C184-4335-A727-0A9F83AAE289}.AppStore|ARM.Deploy.0 = Release|ARM
		{736AF62D-C184-4335-A727-0A9F83AAE289}.AppStore|iPhone.ActiveCfg = Release|x86
		{736AF62D-C184-4335-A727-0A9F83AAE289}.AppStore|iPhone.Build.0 = Release|x86
		{736AF62D-C184-4335-A727-0A9F83AAE289}.AppStore|iPhone.Deploy.0 = Release|x86
		{736AF62D-C184-4335-A727-0A9F83AAE289}.AppStore|iPhoneSimulator.ActiveCfg = Release|x86
		{736AF62D-C184-4335-A727-0A9F83AAE289}.AppStore|iPhoneSimulator.Build.0 = Release|x86
		{736AF62D-C184-4335-A727-0A9F83AAE289}.AppStore|iPhoneSimulator.Deploy.0 = Release|x86
		{736AF62D-C184-4335-A727-0A9F83AAE289}.AppStore|x64.ActiveCfg = Release|x64
		{736AF62D-C184-4335-A727-0A9F83AAE289}.AppStore|x64.Build.0 = Release|x64
		{736AF62D-C184-4335-A727-0A9F83AAE289}.AppStore|x64.Deploy.0 = Release|x64
		{736AF62D-C184-4335-A727-0A9F83AAE289}.AppStore|x86.ActiveCfg = Release|x86
		{736AF62D-C184-4335-A727-0A9F83AAE289}.AppStore|x86.Build.0 = Release|x86
		{736AF62D-C184-4335-A727-0A9F83AAE289}.AppStore|x86.Deploy.0 = Release|x86
		{736AF62D-C184-4335-A727-0A9F83AAE289}.Debug|Any CPU.ActiveCfg = Debug|x86
		{736AF62D-C184-4335-A727-0A9F83AAE289}.Debug|ARM.ActiveCfg = Debug|ARM
		{736AF62D-C184-4335-A727-0A9F83AAE289}.Debug|ARM.Build.0 = Debug|ARM
		{736AF62D-C184-4335-A727-0A9F83AAE289}.Debug|ARM.Deploy.0 = Debug|ARM
		{736AF62D-C184-4335-A727-0A9F83AAE289}.Debug|iPhone.ActiveCfg = Debug|x86
		{736AF62D-C184-4335-A727-0A9F83AAE289}.Debug|iPhoneSimulator.ActiveCfg = Debug|x86
		{736AF62D-C184-4335-A727-0A9F83AAE289}.Debug|x64.ActiveCfg = Debug|x64
		{736AF62D-C184-4335-A727-0A9F83AAE289}.Debug|x64.Build.0 = Debug|x64
		{736AF62D-C184-4335-A727-0A9F83AAE289}.Debug|x64.Deploy.0 = Debug|x64
		{736AF62D-C184-4335-A727-0A9F83AAE289}.Debug|x86.ActiveCfg = Debug|x86
		{736AF62D-C184-4335-A727-0A9F83AAE289}.Debug|x86.Build.0 = Debug|x86
		{736AF62D-C184-4335-A727-0A9F83AAE289}.Debug|x86.Deploy.0 = Debug|x86
		{736AF62D-C184-4335-A727-0A9F83AAE289}.Release|Any CPU.ActiveCfg = Release|x86
		{736AF62D-C184-4335-A727-0A9F83AAE289}.Release|ARM.ActiveCfg = Release|ARM
		{736AF62D-C184-4335-A727-0A9F83AAE289}.Release|ARM.Build.0 = Release|ARM
		{736AF62D-C184-4335-A727-0A9F83AAE289}.Release|ARM.Deploy.0 = Release|ARM
		{736AF62D-C184-4335-A727-0A9F83AAE289}.Release|iPhone.ActiveCfg = Release|x86
		{736AF62D-C184-4335-A727-0A9F83AAE289}.Release|iPhoneSimulator.ActiveCfg = Release|x86
		{736AF62D-C184-4335-A727-0A9F83AAE289}.Release|x64.ActiveCfg = Release|x64
		{736AF62D-C184-4335-A727-0A9F83AAE289}.Release|x64.Build.0 = Release|x64
		{736AF62D-C184-4335-A727-0A9F83AAE289}.Release|x64.Deploy.0 = Release|x64
		{736AF62D-C184-4335-A727-0A9F83AAE289}.Release|x86.ActiveCfg = Release|x86
		{736AF62D-C184-4335-A727-0A9F83AAE289}.Release|x86.Build.0 = Release|x86
		{736AF62D-C184-4335-A727-0A9F83AAE289}.Release|x86.Deploy.0 = Release|x86
		{93A0D71D-2CAC-4577-B1FE-09BEB26B1ADF}.Ad-Hoc|Any CPU.ActiveCfg = Ad-Hoc|iPhone
		{93A0D71D-2CAC-4577-B1FE-09BEB26B1ADF}.Ad-Hoc|ARM.ActiveCfg = Ad-Hoc|iPhone
		{93A0D71D-2CAC-4577-B1FE-09BEB26B1ADF}.Ad-Hoc|iPhone.ActiveCfg = Ad-Hoc|iPhone
		{93A0D71D-2CAC-4577-B1FE-09BEB26B1ADF}.Ad-Hoc|iPhone.Build.0 = Ad-Hoc|iPhone
		{93A0D71D-2CAC-4577-B1FE-09BEB26B1ADF}.Ad-Hoc|iPhoneSimulator.ActiveCfg = Ad-Hoc|iPhoneSimulator
		{93A0D71D-2CAC-4577-B1FE-09BEB26B1ADF}.Ad-Hoc|iPhoneSimulator.Build.0 = Ad-Hoc|iPhoneSimulator
		{93A0D71D-2CAC-4577-B1FE-09BEB26B1ADF}.Ad-Hoc|x64.ActiveCfg = Ad-Hoc|iPhone
		{93A0D71D-2CAC-4577-B1FE-09BEB26B1ADF}.Ad-Hoc|x86.ActiveCfg = Ad-Hoc|iPhone
		{93A0D71D-2CAC-4577-B1FE-09BEB26B1ADF}.AppStore|Any CPU.ActiveCfg = AppStore|iPhone
		{93A0D71D-2CAC-4577-B1FE-09BEB26B1ADF}.AppStore|ARM.ActiveCfg = AppStore|iPhone
		{93A0D71D-2CAC-4577-B1FE-09BEB26B1ADF}.AppStore|iPhone.ActiveCfg = AppStore|iPhone
		{93A0D71D-2CAC-4577-B1FE-09BEB26B1ADF}.AppStore|iPhone.Build.0 = AppStore|iPhone
		{93A0D71D-2CAC-4577-B1FE-09BEB26B1ADF}.AppStore|iPhoneSimulator.ActiveCfg = AppStore|iPhoneSimulator
		{93A0D71D-2CAC-4577-B1FE-09BEB26B1ADF}.AppStore|iPhoneSimulator.Build.0 = AppStore|iPhoneSimulator
		{93A0D71D-2CAC-4577-B1FE-09BEB26B1ADF}.AppStore|x64.ActiveCfg = AppStore|iPhone
		{93A0D71D-2CAC-4577-B1FE-09BEB26B1ADF}.AppStore|x86.ActiveCfg = AppStore|iPhone
		{93A0D71D-2CAC-4577-B1FE-09BEB26B1ADF}.Debug|Any CPU.ActiveCfg = Debug|iPhone
		{93A0D71D-2CAC-4577-B1FE-09BEB26B1ADF}.Debug|ARM.ActiveCfg = Debug|iPhone
		{93A0D71D-2CAC-4577-B1FE-09BEB26B1ADF}.Debug|iPhone.ActiveCfg = Debug|iPhone
		{93A0D71D-2CAC-4577-B1FE-09BEB26B1ADF}.Debug|iPhone.Build.0 = Debug|iPhone
		{93A0D71D-2CAC-4577-B1FE-09BEB26B1ADF}.Debug|iPhoneSimulator.ActiveCfg = Debug|iPhoneSimulator
		{93A0D71D-2CAC-4577-B1FE-09BEB26B1ADF}.Debug|iPhoneSimulator.Build.0 = Debug|iPhoneSimulator
		{93A0D71D-2CAC-4577-B1FE-09BEB26B1ADF}.Debug|x64.ActiveCfg = Debug|iPhone
		{93A0D71D-2CAC-4577-B1FE-09BEB26B1ADF}.Debug|x86.ActiveCfg = Debug|iPhone
		{93A0D71D-2CAC-4577-B1FE-09BEB26B1ADF}.Release|Any CPU.ActiveCfg = Release|iPhone
		{93A0D71D-2CAC-4577-B1FE-09BEB26B1ADF}.Release|ARM.ActiveCfg = Release|iPhone
		{93A0D71D-2CAC-4577-B1FE-09BEB26B1ADF}.Release|iPhone.ActiveCfg = Release|iPhone
		{93A0D71D-2CAC-4577-B1FE-09BEB26B1ADF}.Release|iPhone.Build.0 = Release|iPhone
		{93A0D71D-2CAC-4577-B1FE-09BEB26B1ADF}.Release|iPhoneSimulator.ActiveCfg = Release|iPhoneSimulator
		{93A0D71D-2CAC-4577-B1FE-09BEB26B1ADF}.Release|iPhoneSimulator.Build.0 = Release|iPhoneSimulator
		{93A0D71D-2CAC-4577-B1FE-09BEB26B1ADF}.Release|x64.ActiveCfg = Release|iPhone
		{93A0D71D-2CAC-4577-B1FE-09BEB26B1ADF}.Release|x86.ActiveCfg = Release|iPhone
	EndGlobalSection
	GlobalSection(SolutionProperties) = preSolution
		HideSolutionNode = FALSE
	EndGlobalSection
EndGlobal
