
Microsoft Visual Studio Solution File, Format Version 12.00
# Visual Studio 14
VisualStudioVersion = 14.0.25420.1
MinimumVisualStudioVersion = 10.0.40219.1
Project("{FAE04EC0-301F-11D3-BF4B-00C04F79EFBC}") = "Ileri_Ders3.Android", "Ileri-Ders3\Ileri_Ders3.Android\Ileri_Ders3.Android.csproj", "{02AD485E-C07A-4CD1-8131-227E7DC492C0}"
EndProject
Project("{FAE04EC0-301F-11D3-BF4B-00C04F79EFBC}") = "Ileri_Ders3", "Ileri-Ders3\Ileri_Ders3\Ileri_Ders3.csproj", "{057BDF38-39AA-4E78-9B2D-03F1ED813C69}"
EndProject
Project("{FAE04EC0-301F-11D3-BF4B-00C04F79EFBC}") = "Ileri_Ders3.UWP", "Ileri-Ders3\Ileri_Ders3.UWP\Ileri_Ders3.UWP.csproj", "{2F1039AF-5C80-48AB-993D-391EE0576750}"
EndProject
Project("{FAE04EC0-301F-11D3-BF4B-00C04F79EFBC}") = "Ileri_Ders3.iOS", "Ileri-Ders3\Ileri_Ders3.iOS\Ileri_Ders3.iOS.csproj", "{7C65B449-7FEC-405A-A6D6-2C0C5AB1AD72}"
EndProject
Global
	GlobalSection(SolutionConfigurationPlatforms) = preSolution
		Ad-Hoc|Any CPU = Ad-Hoc|Any CPU
		Ad-Hoc|ARM = Ad-Hoc|ARM
		Ad-Hoc|iPhone = Ad-Hoc|iPhone
		Ad-Hoc|iPhoneSimulator = Ad-Hoc|iPhoneSimulator
		Ad-Hoc|x64 = Ad-Hoc|x64
		Ad-Hoc|x86 = Ad-Hoc|x86
		AppStore|Any CPU = AppStore|Any CPU
		AppStore|ARM = AppStore|ARM
		AppStore|iPhone = AppStore|iPhone
		AppStore|iPhoneSimulator = AppStore|iPhoneSimulator
		AppStore|x64 = AppStore|x64
		AppStore|x86 = AppStore|x86
		Debug|Any CPU = Debug|Any CPU
		Debug|ARM = Debug|ARM
		Debug|iPhone = Debug|iPhone
		Debug|iPhoneSimulator = Debug|iPhoneSimulator
		Debug|x64 = Debug|x64
		Debug|x86 = Debug|x86
		Release|Any CPU = Release|Any CPU
		Release|ARM = Release|ARM
		Release|iPhone = Release|iPhone
		Release|iPhoneSimulator = Release|iPhoneSimulator
		Release|x64 = Release|x64
		Release|x86 = Release|x86
	EndGlobalSection
	GlobalSection(ProjectConfigurationPlatforms) = postSolution
		{02AD485E-C07A-4CD1-8131-227E7DC492C0}.Ad-Hoc|Any CPU.ActiveCfg = Release|Any CPU
		{02AD485E-C07A-4CD1-8131-227E7DC492C0}.Ad-Hoc|Any CPU.Build.0 = Release|Any CPU
		{02AD485E-C07A-4CD1-8131-227E7DC492C0}.Ad-Hoc|Any CPU.Deploy.0 = Release|Any CPU
		{02AD485E-C07A-4CD1-8131-227E7DC492C0}.Ad-Hoc|ARM.ActiveCfg = Release|Any CPU
		{02AD485E-C07A-4CD1-8131-227E7DC492C0}.Ad-Hoc|ARM.Build.0 = Release|Any CPU
		{02AD485E-C07A-4CD1-8131-227E7DC492C0}.Ad-Hoc|ARM.Deploy.0 = Release|Any CPU
		{02AD485E-C07A-4CD1-8131-227E7DC492C0}.Ad-Hoc|iPhone.ActiveCfg = Release|Any CPU
		{02AD485E-C07A-4CD1-8131-227E7DC492C0}.Ad-Hoc|iPhone.Build.0 = Release|Any CPU
		{02AD485E-C07A-4CD1-8131-227E7DC492C0}.Ad-Hoc|iPhone.Deploy.0 = Release|Any CPU
		{02AD485E-C07A-4CD1-8131-227E7DC492C0}.Ad-Hoc|iPhoneSimulator.ActiveCfg = Release|Any CPU
		{02AD485E-C07A-4CD1-8131-227E7DC492C0}.Ad-Hoc|iPhoneSimulator.Build.0 = Release|Any CPU
		{02AD485E-C07A-4CD1-8131-227E7DC492C0}.Ad-Hoc|iPhoneSimulator.Deploy.0 = Release|Any CPU
		{02AD485E-C07A-4CD1-8131-227E7DC492C0}.Ad-Hoc|x64.ActiveCfg = Release|Any CPU
		{02AD485E-C07A-4CD1-8131-227E7DC492C0}.Ad-Hoc|x64.Build.0 = Release|Any CPU
		{02AD485E-C07A-4CD1-8131-227E7DC492C0}.Ad-Hoc|x64.Deploy.0 = Release|Any CPU
		{02AD485E-C07A-4CD1-8131-227E7DC492C0}.Ad-Hoc|x86.ActiveCfg = Release|Any CPU
		{02AD485E-C07A-4CD1-8131-227E7DC492C0}.Ad-Hoc|x86.Build.0 = Release|Any CPU
		{02AD485E-C07A-4CD1-8131-227E7DC492C0}.Ad-Hoc|x86.Deploy.0 = Release|Any CPU
		{02AD485E-C07A-4CD1-8131-227E7DC492C0}.AppStore|Any CPU.ActiveCfg = Release|Any CPU
		{02AD485E-C07A-4CD1-8131-227E7DC492C0}.AppStore|Any CPU.Build.0 = Release|Any CPU
		{02AD485E-C07A-4CD1-8131-227E7DC492C0}.AppStore|Any CPU.Deploy.0 = Release|Any CPU
		{02AD485E-C07A-4CD1-8131-227E7DC492C0}.AppStore|ARM.ActiveCfg = Release|Any CPU
		{02AD485E-C07A-4CD1-8131-227E7DC492C0}.AppStore|ARM.Build.0 = Release|Any CPU
		{02AD485E-C07A-4CD1-8131-227E7DC492C0}.AppStore|ARM.Deploy.0 = Release|Any CPU
		{02AD485E-C07A-4CD1-8131-227E7DC492C0}.AppStore|iPhone.ActiveCfg = Release|Any CPU
		{02AD485E-C07A-4CD1-8131-227E7DC492C0}.AppStore|iPhone.Build.0 = Release|Any CPU
		{02AD485E-C07A-4CD1-8131-227E7DC492C0}.AppStore|iPhone.Deploy.0 = Release|Any CPU
		{02AD485E-C07A-4CD1-8131-227E7DC492C0}.AppStore|iPhoneSimulator.ActiveCfg = Release|Any CPU
		{02AD485E-C07A-4CD1-8131-227E7DC492C0}.AppStore|iPhoneSimulator.Build.0 = Release|Any CPU
		{02AD485E-C07A-4CD1-8131-227E7DC492C0}.AppStore|iPhoneSimulator.Deploy.0 = Release|Any CPU
		{02AD485E-C07A-4CD1-8131-227E7DC492C0}.AppStore|x64.ActiveCfg = Release|Any CPU
		{02AD485E-C07A-4CD1-8131-227E7DC492C0}.AppStore|x64.Build.0 = Release|Any CPU
		{02AD485E-C07A-4CD1-8131-227E7DC492C0}.AppStore|x64.Deploy.0 = Release|Any CPU
		{02AD485E-C07A-4CD1-8131-227E7DC492C0}.AppStore|x86.ActiveCfg = Release|Any CPU
		{02AD485E-C07A-4CD1-8131-227E7DC492C0}.AppStore|x86.Build.0 = Release|Any CPU
		{02AD485E-C07A-4CD1-8131-227E7DC492C0}.AppStore|x86.Deploy.0 = Release|Any CPU
		{02AD485E-C07A-4CD1-8131-227E7DC492C0}.Debug|Any CPU.ActiveCfg = Debug|Any CPU
		{02AD485E-C07A-4CD1-8131-227E7DC492C0}.Debug|Any CPU.Build.0 = Debug|Any CPU
		{02AD485E-C07A-4CD1-8131-227E7DC492C0}.Debug|Any CPU.Deploy.0 = Debug|Any CPU
		{02AD485E-C07A-4CD1-8131-227E7DC492C0}.Debug|ARM.ActiveCfg = Debug|Any CPU
		{02AD485E-C07A-4CD1-8131-227E7DC492C0}.Debug|ARM.Build.0 = Debug|Any CPU
		{02AD485E-C07A-4CD1-8131-227E7DC492C0}.Debug|ARM.Deploy.0 = Debug|Any CPU
		{02AD485E-C07A-4CD1-8131-227E7DC492C0}.Debug|iPhone.ActiveCfg = Debug|Any CPU
		{02AD485E-C07A-4CD1-8131-227E7DC492C0}.Debug|iPhone.Build.0 = Debug|Any CPU
		{02AD485E-C07A-4CD1-8131-227E7DC492C0}.Debug|iPhone.Deploy.0 = Debug|Any CPU
		{02AD485E-C07A-4CD1-8131-227E7DC492C0}.Debug|iPhoneSimulator.ActiveCfg = Debug|Any CPU
		{02AD485E-C07A-4CD1-8131-227E7DC492C0}.Debug|iPhoneSimulator.Build.0 = Debug|Any CPU
		{02AD485E-C07A-4CD1-8131-227E7DC492C0}.Debug|iPhoneSimulator.Deploy.0 = Debug|Any CPU
		{02AD485E-C07A-4CD1-8131-227E7DC492C0}.Debug|x64.ActiveCfg = Debug|Any CPU
		{02AD485E-C07A-4CD1-8131-227E7DC492C0}.Debug|x64.Build.0 = Debug|Any CPU
		{02AD485E-C07A-4CD1-8131-227E7DC492C0}.Debug|x64.Deploy.0 = Debug|Any CPU
		{02AD485E-C07A-4CD1-8131-227E7DC492C0}.Debug|x86.ActiveCfg = Debug|Any CPU
		{02AD485E-C07A-4CD1-8131-227E7DC492C0}.Debug|x86.Build.0 = Debug|Any CPU
		{02AD485E-C07A-4CD1-8131-227E7DC492C0}.Debug|x86.Deploy.0 = Debug|Any CPU
		{02AD485E-C07A-4CD1-8131-227E7DC492C0}.Release|Any CPU.ActiveCfg = Release|Any CPU
		{02AD485E-C07A-4CD1-8131-227E7DC492C0}.Release|Any CPU.Build.0 = Release|Any CPU
		{02AD485E-C07A-4CD1-8131-227E7DC492C0}.Release|Any CPU.Deploy.0 = Release|Any CPU
		{02AD485E-C07A-4CD1-8131-227E7DC492C0}.Release|ARM.ActiveCfg = Release|Any CPU
		{02AD485E-C07A-4CD1-8131-227E7DC492C0}.Release|ARM.Build.0 = Release|Any CPU
		{02AD485E-C07A-4CD1-8131-227E7DC492C0}.Release|ARM.Deploy.0 = Release|Any CPU
		{02AD485E-C07A-4CD1-8131-227E7DC492C0}.Release|iPhone.ActiveCfg = Release|Any CPU
		{02AD485E-C07A-4CD1-8131-227E7DC492C0}.Release|iPhone.Build.0 = Release|Any CPU
		{02AD485E-C07A-4CD1-8131-227E7DC492C0}.Release|iPhone.Deploy.0 = Release|Any CPU
		{02AD485E-C07A-4CD1-8131-227E7DC492C0}.Release|iPhoneSimulator.ActiveCfg = Release|Any CPU
		{02AD485E-C07A-4CD1-8131-227E7DC492C0}.Release|iPhoneSimulator.Build.0 = Release|Any CPU
		{02AD485E-C07A-4CD1-8131-227E7DC492C0}.Release|iPhoneSimulator.Deploy.0 = Release|Any CPU
		{02AD485E-C07A-4CD1-8131-227E7DC492C0}.Release|x64.ActiveCfg = Release|Any CPU
		{02AD485E-C07A-4CD1-8131-227E7DC492C0}.Release|x64.Build.0 = Release|Any CPU
		{02AD485E-C07A-4CD1-8131-227E7DC492C0}.Release|x64.Deploy.0 = Release|Any CPU
		{02AD485E-C07A-4CD1-8131-227E7DC492C0}.Release|x86.ActiveCfg = Release|Any CPU
		{02AD485E-C07A-4CD1-8131-227E7DC492C0}.Release|x86.Build.0 = Release|Any CPU
		{02AD485E-C07A-4CD1-8131-227E7DC492C0}.Release|x86.Deploy.0 = Release|Any CPU
		{057BDF38-39AA-4E78-9B2D-03F1ED813C69}.Ad-Hoc|Any CPU.ActiveCfg = Release|Any CPU
		{057BDF38-39AA-4E78-9B2D-03F1ED813C69}.Ad-Hoc|Any CPU.Build.0 = Release|Any CPU
		{057BDF38-39AA-4E78-9B2D-03F1ED813C69}.Ad-Hoc|ARM.ActiveCfg = Release|Any CPU
		{057BDF38-39AA-4E78-9B2D-03F1ED813C69}.Ad-Hoc|ARM.Build.0 = Release|Any CPU
		{057BDF38-39AA-4E78-9B2D-03F1ED813C69}.Ad-Hoc|iPhone.ActiveCfg = Release|Any CPU
		{057BDF38-39AA-4E78-9B2D-03F1ED813C69}.Ad-Hoc|iPhone.Build.0 = Release|Any CPU
		{057BDF38-39AA-4E78-9B2D-03F1ED813C69}.Ad-Hoc|iPhoneSimulator.ActiveCfg = Release|Any CPU
		{057BDF38-39AA-4E78-9B2D-03F1ED813C69}.Ad-Hoc|iPhoneSimulator.Build.0 = Release|Any CPU
		{057BDF38-39AA-4E78-9B2D-03F1ED813C69}.Ad-Hoc|x64.ActiveCfg = Release|Any CPU
		{057BDF38-39AA-4E78-9B2D-03F1ED813C69}.Ad-Hoc|x64.Build.0 = Release|Any CPU
		{057BDF38-39AA-4E78-9B2D-03F1ED813C69}.Ad-Hoc|x86.ActiveCfg = Release|Any CPU
		{057BDF38-39AA-4E78-9B2D-03F1ED813C69}.Ad-Hoc|x86.Build.0 = Release|Any CPU
		{057BDF38-39AA-4E78-9B2D-03F1ED813C69}.AppStore|Any CPU.ActiveCfg = Release|Any CPU
		{057BDF38-39AA-4E78-9B2D-03F1ED813C69}.AppStore|Any CPU.Build.0 = Release|Any CPU
		{057BDF38-39AA-4E78-9B2D-03F1ED813C69}.AppStore|ARM.ActiveCfg = Release|Any CPU
		{057BDF38-39AA-4E78-9B2D-03F1ED813C69}.AppStore|ARM.Build.0 = Release|Any CPU
		{057BDF38-39AA-4E78-9B2D-03F1ED813C69}.AppStore|iPhone.ActiveCfg = Release|Any CPU
		{057BDF38-39AA-4E78-9B2D-03F1ED813C69}.AppStore|iPhone.Build.0 = Release|Any CPU
		{057BDF38-39AA-4E78-9B2D-03F1ED813C69}.AppStore|iPhoneSimulator.ActiveCfg = Release|Any CPU
		{057BDF38-39AA-4E78-9B2D-03F1ED813C69}.AppStore|iPhoneSimulator.Build.0 = Release|Any CPU
		{057BDF38-39AA-4E78-9B2D-03F1ED813C69}.AppStore|x64.ActiveCfg = Release|Any CPU
		{057BDF38-39AA-4E78-9B2D-03F1ED813C69}.AppStore|x64.Build.0 = Release|Any CPU
		{057BDF38-39AA-4E78-9B2D-03F1ED813C69}.AppStore|x86.ActiveCfg = Release|Any CPU
		{057BDF38-39AA-4E78-9B2D-03F1ED813C69}.AppStore|x86.Build.0 = Release|Any CPU
		{057BDF38-39AA-4E78-9B2D-03F1ED813C69}.Debug|Any CPU.ActiveCfg = Debug|Any CPU
		{057BDF38-39AA-4E78-9B2D-03F1ED813C69}.Debug|Any CPU.Build.0 = Debug|Any CPU
		{057BDF38-39AA-4E78-9B2D-03F1ED813C69}.Debug|ARM.ActiveCfg = Debug|Any CPU
		{057BDF38-39AA-4E78-9B2D-03F1ED813C69}.Debug|ARM.Build.0 = Debug|Any CPU
		{057BDF38-39AA-4E78-9B2D-03F1ED813C69}.Debug|iPhone.ActiveCfg = Debug|Any CPU
		{057BDF38-39AA-4E78-9B2D-03F1ED813C69}.Debug|iPhone.Build.0 = Debug|Any CPU
		{057BDF38-39AA-4E78-9B2D-03F1ED813C69}.Debug|iPhoneSimulator.ActiveCfg = Debug|Any CPU
		{057BDF38-39AA-4E78-9B2D-03F1ED813C69}.Debug|iPhoneSimulator.Build.0 = Debug|Any CPU
		{057BDF38-39AA-4E78-9B2D-03F1ED813C69}.Debug|x64.ActiveCfg = Debug|Any CPU
		{057BDF38-39AA-4E78-9B2D-03F1ED813C69}.Debug|x64.Build.0 = Debug|Any CPU
		{057BDF38-39AA-4E78-9B2D-03F1ED813C69}.Debug|x86.ActiveCfg = Debug|Any CPU
		{057BDF38-39AA-4E78-9B2D-03F1ED813C69}.Debug|x86.Build.0 = Debug|Any CPU
		{057BDF38-39AA-4E78-9B2D-03F1ED813C69}.Release|Any CPU.ActiveCfg = Release|Any CPU
		{057BDF38-39AA-4E78-9B2D-03F1ED813C69}.Release|Any CPU.Build.0 = Release|Any CPU
		{057BDF38-39AA-4E78-9B2D-03F1ED813C69}.Release|ARM.ActiveCfg = Release|Any CPU
		{057BDF38-39AA-4E78-9B2D-03F1ED813C69}.Release|ARM.Build.0 = Release|Any CPU
		{057BDF38-39AA-4E78-9B2D-03F1ED813C69}.Release|iPhone.ActiveCfg = Release|Any CPU
		{057BDF38-39AA-4E78-9B2D-03F1ED813C69}.Release|iPhone.Build.0 = Release|Any CPU
		{057BDF38-39AA-4E78-9B2D-03F1ED813C69}.Release|iPhoneSimulator.ActiveCfg = Release|Any CPU
		{057BDF38-39AA-4E78-9B2D-03F1ED813C69}.Release|iPhoneSimulator.Build.0 = Release|Any CPU
		{057BDF38-39AA-4E78-9B2D-03F1ED813C69}.Release|x64.ActiveCfg = Release|Any CPU
		{057BDF38-39AA-4E78-9B2D-03F1ED813C69}.Release|x64.Build.0 = Release|Any CPU
		{057BDF38-39AA-4E78-9B2D-03F1ED813C69}.Release|x86.ActiveCfg = Release|Any CPU
		{057BDF38-39AA-4E78-9B2D-03F1ED813C69}.Release|x86.Build.0 = Release|Any CPU
		{2F1039AF-5C80-48AB-993D-391EE0576750}.Ad-Hoc|Any CPU.ActiveCfg = Release|x86
		{2F1039AF-5C80-48AB-993D-391EE0576750}.Ad-Hoc|Any CPU.Build.0 = Release|x86
		{2F1039AF-5C80-48AB-993D-391EE0576750}.Ad-Hoc|Any CPU.Deploy.0 = Release|x86
		{2F1039AF-5C80-48AB-993D-391EE0576750}.Ad-Hoc|ARM.ActiveCfg = Release|ARM
		{2F1039AF-5C80-48AB-993D-391EE0576750}.Ad-Hoc|ARM.Build.0 = Release|ARM
		{2F1039AF-5C80-48AB-993D-391EE0576750}.Ad-Hoc|ARM.Deploy.0 = Release|ARM
		{2F1039AF-5C80-48AB-993D-391EE0576750}.Ad-Hoc|iPhone.ActiveCfg = Release|x86
		{2F1039AF-5C80-48AB-993D-391EE0576750}.Ad-Hoc|iPhone.Build.0 = Release|x86
		{2F1039AF-5C80-48AB-993D-391EE0576750}.Ad-Hoc|iPhone.Deploy.0 = Release|x86
		{2F1039AF-5C80-48AB-993D-391EE0576750}.Ad-Hoc|iPhoneSimulator.ActiveCfg = Release|x86
		{2F1039AF-5C80-48AB-993D-391EE0576750}.Ad-Hoc|iPhoneSimulator.Build.0 = Release|x86
		{2F1039AF-5C80-48AB-993D-391EE0576750}.Ad-Hoc|iPhoneSimulator.Deploy.0 = Release|x86
		{2F1039AF-5C80-48AB-993D-391EE0576750}.Ad-Hoc|x64.ActiveCfg = Release|x64
		{2F1039AF-5C80-48AB-993D-391EE0576750}.Ad-Hoc|x64.Build.0 = Release|x64
		{2F1039AF-5C80-48AB-993D-391EE0576750}.Ad-Hoc|x64.Deploy.0 = Release|x64
		{2F1039AF-5C80-48AB-993D-391EE0576750}.Ad-Hoc|x86.ActiveCfg = Release|x86
		{2F1039AF-5C80-48AB-993D-391EE0576750}.Ad-Hoc|x86.Build.0 = Release|x86
		{2F1039AF-5C80-48AB-993D-391EE0576750}.Ad-Hoc|x86.Deploy.0 = Release|x86
		{2F1039AF-5C80-48AB-993D-391EE0576750}.AppStore|Any CPU.ActiveCfg = Release|x86
		{2F1039AF-5C80-48AB-993D-391EE0576750}.AppStore|Any CPU.Build.0 = Release|x86
		{2F1039AF-5C80-48AB-993D-391EE0576750}.AppStore|Any CPU.Deploy.0 = Release|x86
		{2F1039AF-5C80-48AB-993D-391EE0576750}.AppStore|ARM.ActiveCfg = Release|ARM
		{2F1039AF-5C80-48AB-993D-391EE0576750}.AppStore|ARM.Build.0 = Release|ARM
		{2F1039AF-5C80-48AB-993D-391EE0576750}.AppStore|ARM.Deploy.0 = Release|ARM
		{2F1039AF-5C80-48AB-993D-391EE0576750}.AppStore|iPhone.ActiveCfg = Release|x86
		{2F1039AF-5C80-48AB-993D-391EE0576750}.AppStore|iPhone.Build.0 = Release|x86
		{2F1039AF-5C80-48AB-993D-391EE0576750}.AppStore|iPhone.Deploy.0 = Release|x86
		{2F1039AF-5C80-48AB-993D-391EE0576750}.AppStore|iPhoneSimulator.ActiveCfg = Release|x86
		{2F1039AF-5C80-48AB-993D-391EE0576750}.AppStore|iPhoneSimulator.Build.0 = Release|x86
		{2F1039AF-5C80-48AB-993D-391EE0576750}.AppStore|iPhoneSimulator.Deploy.0 = Release|x86
		{2F1039AF-5C80-48AB-993D-391EE0576750}.AppStore|x64.ActiveCfg = Release|x64
		{2F1039AF-5C80-48AB-993D-391EE0576750}.AppStore|x64.Build.0 = Release|x64
		{2F1039AF-5C80-48AB-993D-391EE0576750}.AppStore|x64.Deploy.0 = Release|x64
		{2F1039AF-5C80-48AB-993D-391EE0576750}.AppStore|x86.ActiveCfg = Release|x86
		{2F1039AF-5C80-48AB-993D-391EE0576750}.AppStore|x86.Build.0 = Release|x86
		{2F1039AF-5C80-48AB-993D-391EE0576750}.AppStore|x86.Deploy.0 = Release|x86
		{2F1039AF-5C80-48AB-993D-391EE0576750}.Debug|Any CPU.ActiveCfg = Debug|x86
		{2F1039AF-5C80-48AB-993D-391EE0576750}.Debug|ARM.ActiveCfg = Debug|ARM
		{2F1039AF-5C80-48AB-993D-391EE0576750}.Debug|ARM.Build.0 = Debug|ARM
		{2F1039AF-5C80-48AB-993D-391EE0576750}.Debug|ARM.Deploy.0 = Debug|ARM
		{2F1039AF-5C80-48AB-993D-391EE0576750}.Debug|iPhone.ActiveCfg = Debug|x86
		{2F1039AF-5C80-48AB-993D-391EE0576750}.Debug|iPhoneSimulator.ActiveCfg = Debug|x86
		{2F1039AF-5C80-48AB-993D-391EE0576750}.Debug|x64.ActiveCfg = Debug|x64
		{2F1039AF-5C80-48AB-993D-391EE0576750}.Debug|x64.Build.0 = Debug|x64
		{2F1039AF-5C80-48AB-993D-391EE0576750}.Debug|x64.Deploy.0 = Debug|x64
		{2F1039AF-5C80-48AB-993D-391EE0576750}.Debug|x86.ActiveCfg = Debug|x86
		{2F1039AF-5C80-48AB-993D-391EE0576750}.Debug|x86.Build.0 = Debug|x86
		{2F1039AF-5C80-48AB-993D-391EE0576750}.Debug|x86.Deploy.0 = Debug|x86
		{2F1039AF-5C80-48AB-993D-391EE0576750}.Release|Any CPU.ActiveCfg = Release|x86
		{2F1039AF-5C80-48AB-993D-391EE0576750}.Release|ARM.ActiveCfg = Release|ARM
		{2F1039AF-5C80-48AB-993D-391EE0576750}.Release|ARM.Build.0 = Release|ARM
		{2F1039AF-5C80-48AB-993D-391EE0576750}.Release|ARM.Deploy.0 = Release|ARM
		{2F1039AF-5C80-48AB-993D-391EE0576750}.Release|iPhone.ActiveCfg = Release|x86
		{2F1039AF-5C80-48AB-993D-391EE0576750}.Release|iPhoneSimulator.ActiveCfg = Release|x86
		{2F1039AF-5C80-48AB-993D-391EE0576750}.Release|x64.ActiveCfg = Release|x64
		{2F1039AF-5C80-48AB-993D-391EE0576750}.Release|x64.Build.0 = Release|x64
		{2F1039AF-5C80-48AB-993D-391EE0576750}.Release|x64.Deploy.0 = Release|x64
		{2F1039AF-5C80-48AB-993D-391EE0576750}.Release|x86.ActiveCfg = Release|x86
		{2F1039AF-5C80-48AB-993D-391EE0576750}.Release|x86.Build.0 = Release|x86
		{2F1039AF-5C80-48AB-993D-391EE0576750}.Release|x86.Deploy.0 = Release|x86
		{7C65B449-7FEC-405A-A6D6-2C0C5AB1AD72}.Ad-Hoc|Any CPU.ActiveCfg = Ad-Hoc|iPhone
		{7C65B449-7FEC-405A-A6D6-2C0C5AB1AD72}.Ad-Hoc|ARM.ActiveCfg = Ad-Hoc|iPhone
		{7C65B449-7FEC-405A-A6D6-2C0C5AB1AD72}.Ad-Hoc|iPhone.ActiveCfg = Ad-Hoc|iPhone
		{7C65B449-7FEC-405A-A6D6-2C0C5AB1AD72}.Ad-Hoc|iPhone.Build.0 = Ad-Hoc|iPhone
		{7C65B449-7FEC-405A-A6D6-2C0C5AB1AD72}.Ad-Hoc|iPhoneSimulator.ActiveCfg = Ad-Hoc|iPhoneSimulator
		{7C65B449-7FEC-405A-A6D6-2C0C5AB1AD72}.Ad-Hoc|iPhoneSimulator.Build.0 = Ad-Hoc|iPhoneSimulator
		{7C65B449-7FEC-405A-A6D6-2C0C5AB1AD72}.Ad-Hoc|x64.ActiveCfg = Ad-Hoc|iPhone
		{7C65B449-7FEC-405A-A6D6-2C0C5AB1AD72}.Ad-Hoc|x86.ActiveCfg = Ad-Hoc|iPhone
		{7C65B449-7FEC-405A-A6D6-2C0C5AB1AD72}.AppStore|Any CPU.ActiveCfg = AppStore|iPhone
		{7C65B449-7FEC-405A-A6D6-2C0C5AB1AD72}.AppStore|ARM.ActiveCfg = AppStore|iPhone
		{7C65B449-7FEC-405A-A6D6-2C0C5AB1AD72}.AppStore|iPhone.ActiveCfg = AppStore|iPhone
		{7C65B449-7FEC-405A-A6D6-2C0C5AB1AD72}.AppStore|iPhone.Build.0 = AppStore|iPhone
		{7C65B449-7FEC-405A-A6D6-2C0C5AB1AD72}.AppStore|iPhoneSimulator.ActiveCfg = AppStore|iPhoneSimulator
		{7C65B449-7FEC-405A-A6D6-2C0C5AB1AD72}.AppStore|iPhoneSimulator.Build.0 = AppStore|iPhoneSimulator
		{7C65B449-7FEC-405A-A6D6-2C0C5AB1AD72}.AppStore|x64.ActiveCfg = AppStore|iPhone
		{7C65B449-7FEC-405A-A6D6-2C0C5AB1AD72}.AppStore|x86.ActiveCfg = AppStore|iPhone
		{7C65B449-7FEC-405A-A6D6-2C0C5AB1AD72}.Debug|Any CPU.ActiveCfg = Debug|iPhone
		{7C65B449-7FEC-405A-A6D6-2C0C5AB1AD72}.Debug|ARM.ActiveCfg = Debug|iPhone
		{7C65B449-7FEC-405A-A6D6-2C0C5AB1AD72}.Debug|iPhone.ActiveCfg = Debug|iPhone
		{7C65B449-7FEC-405A-A6D6-2C0C5AB1AD72}.Debug|iPhone.Build.0 = Debug|iPhone
		{7C65B449-7FEC-405A-A6D6-2C0C5AB1AD72}.Debug|iPhoneSimulator.ActiveCfg = Debug|iPhoneSimulator
		{7C65B449-7FEC-405A-A6D6-2C0C5AB1AD72}.Debug|iPhoneSimulator.Build.0 = Debug|iPhoneSimulator
		{7C65B449-7FEC-405A-A6D6-2C0C5AB1AD72}.Debug|x64.ActiveCfg = Debug|iPhone
		{7C65B449-7FEC-405A-A6D6-2C0C5AB1AD72}.Debug|x86.ActiveCfg = Debug|iPhone
		{7C65B449-7FEC-405A-A6D6-2C0C5AB1AD72}.Release|Any CPU.ActiveCfg = Release|iPhone
		{7C65B449-7FEC-405A-A6D6-2C0C5AB1AD72}.Release|ARM.ActiveCfg = Release|iPhone
		{7C65B449-7FEC-405A-A6D6-2C0C5AB1AD72}.Release|iPhone.ActiveCfg = Release|iPhone
		{7C65B449-7FEC-405A-A6D6-2C0C5AB1AD72}.Release|iPhone.Build.0 = Release|iPhone
		{7C65B449-7FEC-405A-A6D6-2C0C5AB1AD72}.Release|iPhoneSimulator.ActiveCfg = Release|iPhoneSimulator
		{7C65B449-7FEC-405A-A6D6-2C0C5AB1AD72}.Release|iPhoneSimulator.Build.0 = Release|iPhoneSimulator
		{7C65B449-7FEC-405A-A6D6-2C0C5AB1AD72}.Release|x64.ActiveCfg = Release|iPhone
		{7C65B449-7FEC-405A-A6D6-2C0C5AB1AD72}.Release|x86.ActiveCfg = Release|iPhone
	EndGlobalSection
	GlobalSection(SolutionProperties) = preSolution
		HideSolutionNode = FALSE
	EndGlobalSection
EndGlobal
