
Microsoft Visual Studio Solution File, Format Version 12.00
# Visual Studio 14
VisualStudioVersion = 14.0.25420.1
MinimumVisualStudioVersion = 10.0.40219.1
Project("{FAE04EC0-301F-11D3-BF4B-00C04F79EFBC}") = "Muhi", "Muhi\Muhi\Muhi.csproj", "{A57CE439-2BD1-4F6B-AEC1-C254F1D16D94}"
EndProject
Project("{FAE04EC0-301F-11D3-BF4B-00C04F79EFBC}") = "Muhi.Droid", "Muhi\Muhi.Droid\Muhi.Droid.csproj", "{EAFDE366-BDFE-4CBE-90BB-A7F766020AFB}"
EndProject
Project("{FAE04EC0-301F-11D3-BF4B-00C04F79EFBC}") = "Muhi.iOS", "Muhi\Muhi.iOS\Muhi.iOS.csproj", "{0569927C-756D-4C4E-AE0E-D07AEBC40C8F}"
EndProject
Project("{FAE04EC0-301F-11D3-BF4B-00C04F79EFBC}") = "Muhi.WinPhone", "Muhi\Muhi.WinPhone\Muhi.WinPhone.csproj", "{9123D4F0-383E-448B-AC51-0025BC4F50DB}"
EndProject
Project("{FAE04EC0-301F-11D3-BF4B-00C04F79EFBC}") = "Muhi.Windows", "Muhi\Muhi.Windows\Muhi.Windows.csproj", "{9C45E62F-A486-4837-A000-15FFB257E201}"
EndProject
Global
	GlobalSection(SolutionConfigurationPlatforms) = preSolution
		Ad-Hoc|Any CPU = Ad-Hoc|Any CPU
		Ad-Hoc|ARM = Ad-Hoc|ARM
		Ad-Hoc|iPhone = Ad-Hoc|iPhone
		Ad-Hoc|iPhoneSimulator = Ad-Hoc|iPhoneSimulator
		Ad-Hoc|x64 = Ad-Hoc|x64
		Ad-Hoc|x86 = Ad-Hoc|x86
		AppStore|Any CPU = AppStore|Any CPU
		AppStore|ARM = AppStore|ARM
		AppStore|iPhone = AppStore|iPhone
		AppStore|iPhoneSimulator = AppStore|iPhoneSimulator
		AppStore|x64 = AppStore|x64
		AppStore|x86 = AppStore|x86
		Debug|Any CPU = Debug|Any CPU
		Debug|ARM = Debug|ARM
		Debug|iPhone = Debug|iPhone
		Debug|iPhoneSimulator = Debug|iPhoneSimulator
		Debug|x64 = Debug|x64
		Debug|x86 = Debug|x86
		Release|Any CPU = Release|Any CPU
		Release|ARM = Release|ARM
		Release|iPhone = Release|iPhone
		Release|iPhoneSimulator = Release|iPhoneSimulator
		Release|x64 = Release|x64
		Release|x86 = Release|x86
	EndGlobalSection
	GlobalSection(ProjectConfigurationPlatforms) = postSolution
		{A57CE439-2BD1-4F6B-AEC1-C254F1D16D94}.Ad-Hoc|Any CPU.ActiveCfg = Release|Any CPU
		{A57CE439-2BD1-4F6B-AEC1-C254F1D16D94}.Ad-Hoc|Any CPU.Build.0 = Release|Any CPU
		{A57CE439-2BD1-4F6B-AEC1-C254F1D16D94}.Ad-Hoc|ARM.ActiveCfg = Release|Any CPU
		{A57CE439-2BD1-4F6B-AEC1-C254F1D16D94}.Ad-Hoc|ARM.Build.0 = Release|Any CPU
		{A57CE439-2BD1-4F6B-AEC1-C254F1D16D94}.Ad-Hoc|iPhone.ActiveCfg = Release|Any CPU
		{A57CE439-2BD1-4F6B-AEC1-C254F1D16D94}.Ad-Hoc|iPhone.Build.0 = Release|Any CPU
		{A57CE439-2BD1-4F6B-AEC1-C254F1D16D94}.Ad-Hoc|iPhoneSimulator.ActiveCfg = Release|Any CPU
		{A57CE439-2BD1-4F6B-AEC1-C254F1D16D94}.Ad-Hoc|iPhoneSimulator.Build.0 = Release|Any CPU
		{A57CE439-2BD1-4F6B-AEC1-C254F1D16D94}.Ad-Hoc|x64.ActiveCfg = Release|Any CPU
		{A57CE439-2BD1-4F6B-AEC1-C254F1D16D94}.Ad-Hoc|x64.Build.0 = Release|Any CPU
		{A57CE439-2BD1-4F6B-AEC1-C254F1D16D94}.Ad-Hoc|x86.ActiveCfg = Release|Any CPU
		{A57CE439-2BD1-4F6B-AEC1-C254F1D16D94}.Ad-Hoc|x86.Build.0 = Release|Any CPU
		{A57CE439-2BD1-4F6B-AEC1-C254F1D16D94}.AppStore|Any CPU.ActiveCfg = Release|Any CPU
		{A57CE439-2BD1-4F6B-AEC1-C254F1D16D94}.AppStore|Any CPU.Build.0 = Release|Any CPU
		{A57CE439-2BD1-4F6B-AEC1-C254F1D16D94}.AppStore|ARM.ActiveCfg = Release|Any CPU
		{A57CE439-2BD1-4F6B-AEC1-C254F1D16D94}.AppStore|ARM.Build.0 = Release|Any CPU
		{A57CE439-2BD1-4F6B-AEC1-C254F1D16D94}.AppStore|iPhone.ActiveCfg = Release|Any CPU
		{A57CE439-2BD1-4F6B-AEC1-C254F1D16D94}.AppStore|iPhone.Build.0 = Release|Any CPU
		{A57CE439-2BD1-4F6B-AEC1-C254F1D16D94}.AppStore|iPhoneSimulator.ActiveCfg = Release|Any CPU
		{A57CE439-2BD1-4F6B-AEC1-C254F1D16D94}.AppStore|iPhoneSimulator.Build.0 = Release|Any CPU
		{A57CE439-2BD1-4F6B-AEC1-C254F1D16D94}.AppStore|x64.ActiveCfg = Release|Any CPU
		{A57CE439-2BD1-4F6B-AEC1-C254F1D16D94}.AppStore|x64.Build.0 = Release|Any CPU
		{A57CE439-2BD1-4F6B-AEC1-C254F1D16D94}.AppStore|x86.ActiveCfg = Release|Any CPU
		{A57CE439-2BD1-4F6B-AEC1-C254F1D16D94}.AppStore|x86.Build.0 = Release|Any CPU
		{A57CE439-2BD1-4F6B-AEC1-C254F1D16D94}.Debug|Any CPU.ActiveCfg = Debug|Any CPU
		{A57CE439-2BD1-4F6B-AEC1-C254F1D16D94}.Debug|Any CPU.Build.0 = Debug|Any CPU
		{A57CE439-2BD1-4F6B-AEC1-C254F1D16D94}.Debug|ARM.ActiveCfg = Debug|Any CPU
		{A57CE439-2BD1-4F6B-AEC1-C254F1D16D94}.Debug|ARM.Build.0 = Debug|Any CPU
		{A57CE439-2BD1-4F6B-AEC1-C254F1D16D94}.Debug|iPhone.ActiveCfg = Debug|Any CPU
		{A57CE439-2BD1-4F6B-AEC1-C254F1D16D94}.Debug|iPhone.Build.0 = Debug|Any CPU
		{A57CE439-2BD1-4F6B-AEC1-C254F1D16D94}.Debug|iPhoneSimulator.ActiveCfg = Debug|Any CPU
		{A57CE439-2BD1-4F6B-AEC1-C254F1D16D94}.Debug|iPhoneSimulator.Build.0 = Debug|Any CPU
		{A57CE439-2BD1-4F6B-AEC1-C254F1D16D94}.Debug|x64.ActiveCfg = Debug|Any CPU
		{A57CE439-2BD1-4F6B-AEC1-C254F1D16D94}.Debug|x64.Build.0 = Debug|Any CPU
		{A57CE439-2BD1-4F6B-AEC1-C254F1D16D94}.Debug|x86.ActiveCfg = Debug|Any CPU
		{A57CE439-2BD1-4F6B-AEC1-C254F1D16D94}.Debug|x86.Build.0 = Debug|Any CPU
		{A57CE439-2BD1-4F6B-AEC1-C254F1D16D94}.Release|Any CPU.ActiveCfg = Release|Any CPU
		{A57CE439-2BD1-4F6B-AEC1-C254F1D16D94}.Release|Any CPU.Build.0 = Release|Any CPU
		{A57CE439-2BD1-4F6B-AEC1-C254F1D16D94}.Release|ARM.ActiveCfg = Release|Any CPU
		{A57CE439-2BD1-4F6B-AEC1-C254F1D16D94}.Release|ARM.Build.0 = Release|Any CPU
		{A57CE439-2BD1-4F6B-AEC1-C254F1D16D94}.Release|iPhone.ActiveCfg = Release|Any CPU
		{A57CE439-2BD1-4F6B-AEC1-C254F1D16D94}.Release|iPhone.Build.0 = Release|Any CPU
		{A57CE439-2BD1-4F6B-AEC1-C254F1D16D94}.Release|iPhoneSimulator.ActiveCfg = Release|Any CPU
		{A57CE439-2BD1-4F6B-AEC1-C254F1D16D94}.Release|iPhoneSimulator.Build.0 = Release|Any CPU
		{A57CE439-2BD1-4F6B-AEC1-C254F1D16D94}.Release|x64.ActiveCfg = Release|Any CPU
		{A57CE439-2BD1-4F6B-AEC1-C254F1D16D94}.Release|x64.Build.0 = Release|Any CPU
		{A57CE439-2BD1-4F6B-AEC1-C254F1D16D94}.Release|x86.ActiveCfg = Release|Any CPU
		{A57CE439-2BD1-4F6B-AEC1-C254F1D16D94}.Release|x86.Build.0 = Release|Any CPU
		{EAFDE366-BDFE-4CBE-90BB-A7F766020AFB}.Ad-Hoc|Any CPU.ActiveCfg = Release|Any CPU
		{EAFDE366-BDFE-4CBE-90BB-A7F766020AFB}.Ad-Hoc|Any CPU.Build.0 = Release|Any CPU
		{EAFDE366-BDFE-4CBE-90BB-A7F766020AFB}.Ad-Hoc|Any CPU.Deploy.0 = Release|Any CPU
		{EAFDE366-BDFE-4CBE-90BB-A7F766020AFB}.Ad-Hoc|ARM.ActiveCfg = Release|Any CPU
		{EAFDE366-BDFE-4CBE-90BB-A7F766020AFB}.Ad-Hoc|ARM.Build.0 = Release|Any CPU
		{EAFDE366-BDFE-4CBE-90BB-A7F766020AFB}.Ad-Hoc|ARM.Deploy.0 = Release|Any CPU
		{EAFDE366-BDFE-4CBE-90BB-A7F766020AFB}.Ad-Hoc|iPhone.ActiveCfg = Release|Any CPU
		{EAFDE366-BDFE-4CBE-90BB-A7F766020AFB}.Ad-Hoc|iPhone.Build.0 = Release|Any CPU
		{EAFDE366-BDFE-4CBE-90BB-A7F766020AFB}.Ad-Hoc|iPhone.Deploy.0 = Release|Any CPU
		{EAFDE366-BDFE-4CBE-90BB-A7F766020AFB}.Ad-Hoc|iPhoneSimulator.ActiveCfg = Release|Any CPU
		{EAFDE366-BDFE-4CBE-90BB-A7F766020AFB}.Ad-Hoc|iPhoneSimulator.Build.0 = Release|Any CPU
		{EAFDE366-BDFE-4CBE-90BB-A7F766020AFB}.Ad-Hoc|iPhoneSimulator.Deploy.0 = Release|Any CPU
		{EAFDE366-BDFE-4CBE-90BB-A7F766020AFB}.Ad-Hoc|x64.ActiveCfg = Release|Any CPU
		{EAFDE366-BDFE-4CBE-90BB-A7F766020AFB}.Ad-Hoc|x64.Build.0 = Release|Any CPU
		{EAFDE366-BDFE-4CBE-90BB-A7F766020AFB}.Ad-Hoc|x64.Deploy.0 = Release|Any CPU
		{EAFDE366-BDFE-4CBE-90BB-A7F766020AFB}.Ad-Hoc|x86.ActiveCfg = Release|Any CPU
		{EAFDE366-BDFE-4CBE-90BB-A7F766020AFB}.Ad-Hoc|x86.Build.0 = Release|Any CPU
		{EAFDE366-BDFE-4CBE-90BB-A7F766020AFB}.Ad-Hoc|x86.Deploy.0 = Release|Any CPU
		{EAFDE366-BDFE-4CBE-90BB-A7F766020AFB}.AppStore|Any CPU.ActiveCfg = Release|Any CPU
		{EAFDE366-BDFE-4CBE-90BB-A7F766020AFB}.AppStore|Any CPU.Build.0 = Release|Any CPU
		{EAFDE366-BDFE-4CBE-90BB-A7F766020AFB}.AppStore|Any CPU.Deploy.0 = Release|Any CPU
		{EAFDE366-BDFE-4CBE-90BB-A7F766020AFB}.AppStore|ARM.ActiveCfg = Release|Any CPU
		{EAFDE366-BDFE-4CBE-90BB-A7F766020AFB}.AppStore|ARM.Build.0 = Release|Any CPU
		{EAFDE366-BDFE-4CBE-90BB-A7F766020AFB}.AppStore|ARM.Deploy.0 = Release|Any CPU
		{EAFDE366-BDFE-4CBE-90BB-A7F766020AFB}.AppStore|iPhone.ActiveCfg = Release|Any CPU
		{EAFDE366-BDFE-4CBE-90BB-A7F766020AFB}.AppStore|iPhone.Build.0 = Release|Any CPU
		{EAFDE366-BDFE-4CBE-90BB-A7F766020AFB}.AppStore|iPhone.Deploy.0 = Release|Any CPU
		{EAFDE366-BDFE-4CBE-90BB-A7F766020AFB}.AppStore|iPhoneSimulator.ActiveCfg = Release|Any CPU
		{EAFDE366-BDFE-4CBE-90BB-A7F766020AFB}.AppStore|iPhoneSimulator.Build.0 = Release|Any CPU
		{EAFDE366-BDFE-4CBE-90BB-A7F766020AFB}.AppStore|iPhoneSimulator.Deploy.0 = Release|Any CPU
		{EAFDE366-BDFE-4CBE-90BB-A7F766020AFB}.AppStore|x64.ActiveCfg = Release|Any CPU
		{EAFDE366-BDFE-4CBE-90BB-A7F766020AFB}.AppStore|x64.Build.0 = Release|Any CPU
		{EAFDE366-BDFE-4CBE-90BB-A7F766020AFB}.AppStore|x64.Deploy.0 = Release|Any CPU
		{EAFDE366-BDFE-4CBE-90BB-A7F766020AFB}.AppStore|x86.ActiveCfg = Release|Any CPU
		{EAFDE366-BDFE-4CBE-90BB-A7F766020AFB}.AppStore|x86.Build.0 = Release|Any CPU
		{EAFDE366-BDFE-4CBE-90BB-A7F766020AFB}.AppStore|x86.Deploy.0 = Release|Any CPU
		{EAFDE366-BDFE-4CBE-90BB-A7F766020AFB}.Debug|Any CPU.ActiveCfg = Debug|Any CPU
		{EAFDE366-BDFE-4CBE-90BB-A7F766020AFB}.Debug|Any CPU.Build.0 = Debug|Any CPU
		{EAFDE366-BDFE-4CBE-90BB-A7F766020AFB}.Debug|Any CPU.Deploy.0 = Debug|Any CPU
		{EAFDE366-BDFE-4CBE-90BB-A7F766020AFB}.Debug|ARM.ActiveCfg = Debug|Any CPU
		{EAFDE366-BDFE-4CBE-90BB-A7F766020AFB}.Debug|ARM.Build.0 = Debug|Any CPU
		{EAFDE366-BDFE-4CBE-90BB-A7F766020AFB}.Debug|ARM.Deploy.0 = Debug|Any CPU
		{EAFDE366-BDFE-4CBE-90BB-A7F766020AFB}.Debug|iPhone.ActiveCfg = Debug|Any CPU
		{EAFDE366-BDFE-4CBE-90BB-A7F766020AFB}.Debug|iPhone.Build.0 = Debug|Any CPU
		{EAFDE366-BDFE-4CBE-90BB-A7F766020AFB}.Debug|iPhone.Deploy.0 = Debug|Any CPU
		{EAFDE366-BDFE-4CBE-90BB-A7F766020AFB}.Debug|iPhoneSimulator.ActiveCfg = Debug|Any CPU
		{EAFDE366-BDFE-4CBE-90BB-A7F766020AFB}.Debug|iPhoneSimulator.Build.0 = Debug|Any CPU
		{EAFDE366-BDFE-4CBE-90BB-A7F766020AFB}.Debug|iPhoneSimulator.Deploy.0 = Debug|Any CPU
		{EAFDE366-BDFE-4CBE-90BB-A7F766020AFB}.Debug|x64.ActiveCfg = Debug|Any CPU
		{EAFDE366-BDFE-4CBE-90BB-A7F766020AFB}.Debug|x64.Build.0 = Debug|Any CPU
		{EAFDE366-BDFE-4CBE-90BB-A7F766020AFB}.Debug|x64.Deploy.0 = Debug|Any CPU
		{EAFDE366-BDFE-4CBE-90BB-A7F766020AFB}.Debug|x86.ActiveCfg = Debug|Any CPU
		{EAFDE366-BDFE-4CBE-90BB-A7F766020AFB}.Debug|x86.Build.0 = Debug|Any CPU
		{EAFDE366-BDFE-4CBE-90BB-A7F766020AFB}.Debug|x86.Deploy.0 = Debug|Any CPU
		{EAFDE366-BDFE-4CBE-90BB-A7F766020AFB}.Release|Any CPU.ActiveCfg = Release|Any CPU
		{EAFDE366-BDFE-4CBE-90BB-A7F766020AFB}.Release|Any CPU.Build.0 = Release|Any CPU
		{EAFDE366-BDFE-4CBE-90BB-A7F766020AFB}.Release|Any CPU.Deploy.0 = Release|Any CPU
		{EAFDE366-BDFE-4CBE-90BB-A7F766020AFB}.Release|ARM.ActiveCfg = Release|Any CPU
		{EAFDE366-BDFE-4CBE-90BB-A7F766020AFB}.Release|ARM.Build.0 = Release|Any CPU
		{EAFDE366-BDFE-4CBE-90BB-A7F766020AFB}.Release|ARM.Deploy.0 = Release|Any CPU
		{EAFDE366-BDFE-4CBE-90BB-A7F766020AFB}.Release|iPhone.ActiveCfg = Release|Any CPU
		{EAFDE366-BDFE-4CBE-90BB-A7F766020AFB}.Release|iPhone.Build.0 = Release|Any CPU
		{EAFDE366-BDFE-4CBE-90BB-A7F766020AFB}.Release|iPhone.Deploy.0 = Release|Any CPU
		{EAFDE366-BDFE-4CBE-90BB-A7F766020AFB}.Release|iPhoneSimulator.ActiveCfg = Release|Any CPU
		{EAFDE366-BDFE-4CBE-90BB-A7F766020AFB}.Release|iPhoneSimulator.Build.0 = Release|Any CPU
		{EAFDE366-BDFE-4CBE-90BB-A7F766020AFB}.Release|iPhoneSimulator.Deploy.0 = Release|Any CPU
		{EAFDE366-BDFE-4CBE-90BB-A7F766020AFB}.Release|x64.ActiveCfg = Release|Any CPU
		{EAFDE366-BDFE-4CBE-90BB-A7F766020AFB}.Release|x64.Build.0 = Release|Any CPU
		{EAFDE366-BDFE-4CBE-90BB-A7F766020AFB}.Release|x64.Deploy.0 = Release|Any CPU
		{EAFDE366-BDFE-4CBE-90BB-A7F766020AFB}.Release|x86.ActiveCfg = Release|Any CPU
		{EAFDE366-BDFE-4CBE-90BB-A7F766020AFB}.Release|x86.Build.0 = Release|Any CPU
		{EAFDE366-BDFE-4CBE-90BB-A7F766020AFB}.Release|x86.Deploy.0 = Release|Any CPU
		{0569927C-756D-4C4E-AE0E-D07AEBC40C8F}.Ad-Hoc|Any CPU.ActiveCfg = Ad-Hoc|iPhone
		{0569927C-756D-4C4E-AE0E-D07AEBC40C8F}.Ad-Hoc|ARM.ActiveCfg = Ad-Hoc|iPhone
		{0569927C-756D-4C4E-AE0E-D07AEBC40C8F}.Ad-Hoc|iPhone.ActiveCfg = Ad-Hoc|iPhone
		{0569927C-756D-4C4E-AE0E-D07AEBC40C8F}.Ad-Hoc|iPhone.Build.0 = Ad-Hoc|iPhone
		{0569927C-756D-4C4E-AE0E-D07AEBC40C8F}.Ad-Hoc|iPhoneSimulator.ActiveCfg = Ad-Hoc|iPhoneSimulator
		{0569927C-756D-4C4E-AE0E-D07AEBC40C8F}.Ad-Hoc|iPhoneSimulator.Build.0 = Ad-Hoc|iPhoneSimulator
		{0569927C-756D-4C4E-AE0E-D07AEBC40C8F}.Ad-Hoc|x64.ActiveCfg = Ad-Hoc|iPhone
		{0569927C-756D-4C4E-AE0E-D07AEBC40C8F}.Ad-Hoc|x86.ActiveCfg = Ad-Hoc|iPhone
		{0569927C-756D-4C4E-AE0E-D07AEBC40C8F}.AppStore|Any CPU.ActiveCfg = AppStore|iPhone
		{0569927C-756D-4C4E-AE0E-D07AEBC40C8F}.AppStore|ARM.ActiveCfg = AppStore|iPhone
		{0569927C-756D-4C4E-AE0E-D07AEBC40C8F}.AppStore|iPhone.ActiveCfg = AppStore|iPhone
		{0569927C-756D-4C4E-AE0E-D07AEBC40C8F}.AppStore|iPhone.Build.0 = AppStore|iPhone
		{0569927C-756D-4C4E-AE0E-D07AEBC40C8F}.AppStore|iPhoneSimulator.ActiveCfg = AppStore|iPhoneSimulator
		{0569927C-756D-4C4E-AE0E-D07AEBC40C8F}.AppStore|iPhoneSimulator.Build.0 = AppStore|iPhoneSimulator
		{0569927C-756D-4C4E-AE0E-D07AEBC40C8F}.AppStore|x64.ActiveCfg = AppStore|iPhone
		{0569927C-756D-4C4E-AE0E-D07AEBC40C8F}.AppStore|x86.ActiveCfg = AppStore|iPhone
		{0569927C-756D-4C4E-AE0E-D07AEBC40C8F}.Debug|Any CPU.ActiveCfg = Debug|iPhone
		{0569927C-756D-4C4E-AE0E-D07AEBC40C8F}.Debug|ARM.ActiveCfg = Debug|iPhone
		{0569927C-756D-4C4E-AE0E-D07AEBC40C8F}.Debug|iPhone.ActiveCfg = Debug|iPhone
		{0569927C-756D-4C4E-AE0E-D07AEBC40C8F}.Debug|iPhone.Build.0 = Debug|iPhone
		{0569927C-756D-4C4E-AE0E-D07AEBC40C8F}.Debug|iPhoneSimulator.ActiveCfg = Debug|iPhoneSimulator
		{0569927C-756D-4C4E-AE0E-D07AEBC40C8F}.Debug|iPhoneSimulator.Build.0 = Debug|iPhoneSimulator
		{0569927C-756D-4C4E-AE0E-D07AEBC40C8F}.Debug|x64.ActiveCfg = Debug|iPhone
		{0569927C-756D-4C4E-AE0E-D07AEBC40C8F}.Debug|x86.ActiveCfg = Debug|iPhone
		{0569927C-756D-4C4E-AE0E-D07AEBC40C8F}.Release|Any CPU.ActiveCfg = Release|iPhone
		{0569927C-756D-4C4E-AE0E-D07AEBC40C8F}.Release|ARM.ActiveCfg = Release|iPhone
		{0569927C-756D-4C4E-AE0E-D07AEBC40C8F}.Release|iPhone.ActiveCfg = Release|iPhone
		{0569927C-756D-4C4E-AE0E-D07AEBC40C8F}.Release|iPhone.Build.0 = Release|iPhone
		{0569927C-756D-4C4E-AE0E-D07AEBC40C8F}.Release|iPhoneSimulator.ActiveCfg = Release|iPhoneSimulator
		{0569927C-756D-4C4E-AE0E-D07AEBC40C8F}.Release|iPhoneSimulator.Build.0 = Release|iPhoneSimulator
		{0569927C-756D-4C4E-AE0E-D07AEBC40C8F}.Release|x64.ActiveCfg = Release|iPhone
		{0569927C-756D-4C4E-AE0E-D07AEBC40C8F}.Release|x86.ActiveCfg = Release|iPhone
		{9123D4F0-383E-448B-AC51-0025BC4F50DB}.Ad-Hoc|Any CPU.ActiveCfg = Release|Any CPU
		{9123D4F0-383E-448B-AC51-0025BC4F50DB}.Ad-Hoc|Any CPU.Build.0 = Release|Any CPU
		{9123D4F0-383E-448B-AC51-0025BC4F50DB}.Ad-Hoc|Any CPU.Deploy.0 = Release|Any CPU
		{9123D4F0-383E-448B-AC51-0025BC4F50DB}.Ad-Hoc|ARM.ActiveCfg = Release|ARM
		{9123D4F0-383E-448B-AC51-0025BC4F50DB}.Ad-Hoc|ARM.Build.0 = Release|ARM
		{9123D4F0-383E-448B-AC51-0025BC4F50DB}.Ad-Hoc|ARM.Deploy.0 = Release|ARM
		{9123D4F0-383E-448B-AC51-0025BC4F50DB}.Ad-Hoc|iPhone.ActiveCfg = Release|Any CPU
		{9123D4F0-383E-448B-AC51-0025BC4F50DB}.Ad-Hoc|iPhone.Build.0 = Release|Any CPU
		{9123D4F0-383E-448B-AC51-0025BC4F50DB}.Ad-Hoc|iPhone.Deploy.0 = Release|Any CPU
		{9123D4F0-383E-448B-AC51-0025BC4F50DB}.Ad-Hoc|iPhoneSimulator.ActiveCfg = Release|Any CPU
		{9123D4F0-383E-448B-AC51-0025BC4F50DB}.Ad-Hoc|iPhoneSimulator.Build.0 = Release|Any CPU
		{9123D4F0-383E-448B-AC51-0025BC4F50DB}.Ad-Hoc|iPhoneSimulator.Deploy.0 = Release|Any CPU
		{9123D4F0-383E-448B-AC51-0025BC4F50DB}.Ad-Hoc|x64.ActiveCfg = Release|Any CPU
		{9123D4F0-383E-448B-AC51-0025BC4F50DB}.Ad-Hoc|x64.Build.0 = Release|Any CPU
		{9123D4F0-383E-448B-AC51-0025BC4F50DB}.Ad-Hoc|x64.Deploy.0 = Release|Any CPU
		{9123D4F0-383E-448B-AC51-0025BC4F50DB}.Ad-Hoc|x86.ActiveCfg = Release|x86
		{9123D4F0-383E-448B-AC51-0025BC4F50DB}.Ad-Hoc|x86.Build.0 = Release|x86
		{9123D4F0-383E-448B-AC51-0025BC4F50DB}.Ad-Hoc|x86.Deploy.0 = Release|x86
		{9123D4F0-383E-448B-AC51-0025BC4F50DB}.AppStore|Any CPU.ActiveCfg = Release|Any CPU
		{9123D4F0-383E-448B-AC51-0025BC4F50DB}.AppStore|Any CPU.Build.0 = Release|Any CPU
		{9123D4F0-383E-448B-AC51-0025BC4F50DB}.AppStore|Any CPU.Deploy.0 = Release|Any CPU
		{9123D4F0-383E-448B-AC51-0025BC4F50DB}.AppStore|ARM.ActiveCfg = Release|ARM
		{9123D4F0-383E-448B-AC51-0025BC4F50DB}.AppStore|ARM.Build.0 = Release|ARM
		{9123D4F0-383E-448B-AC51-0025BC4F50DB}.AppStore|ARM.Deploy.0 = Release|ARM
		{9123D4F0-383E-448B-AC51-0025BC4F50DB}.AppStore|iPhone.ActiveCfg = Release|Any CPU
		{9123D4F0-383E-448B-AC51-0025BC4F50DB}.AppStore|iPhone.Build.0 = Release|Any CPU
		{9123D4F0-383E-448B-AC51-0025BC4F50DB}.AppStore|iPhone.Deploy.0 = Release|Any CPU
		{9123D4F0-383E-448B-AC51-0025BC4F50DB}.AppStore|iPhoneSimulator.ActiveCfg = Release|Any CPU
		{9123D4F0-383E-448B-AC51-0025BC4F50DB}.AppStore|iPhoneSimulator.Build.0 = Release|Any CPU
		{9123D4F0-383E-448B-AC51-0025BC4F50DB}.AppStore|iPhoneSimulator.Deploy.0 = Release|Any CPU
		{9123D4F0-383E-448B-AC51-0025BC4F50DB}.AppStore|x64.ActiveCfg = Release|Any CPU
		{9123D4F0-383E-448B-AC51-0025BC4F50DB}.AppStore|x64.Build.0 = Release|Any CPU
		{9123D4F0-383E-448B-AC51-0025BC4F50DB}.AppStore|x64.Deploy.0 = Release|Any CPU
		{9123D4F0-383E-448B-AC51-0025BC4F50DB}.AppStore|x86.ActiveCfg = Release|x86
		{9123D4F0-383E-448B-AC51-0025BC4F50DB}.AppStore|x86.Build.0 = Release|x86
		{9123D4F0-383E-448B-AC51-0025BC4F50DB}.AppStore|x86.Deploy.0 = Release|x86
		{9123D4F0-383E-448B-AC51-0025BC4F50DB}.Debug|Any CPU.ActiveCfg = Debug|Any CPU
		{9123D4F0-383E-448B-AC51-0025BC4F50DB}.Debug|Any CPU.Build.0 = Debug|Any CPU
		{9123D4F0-383E-448B-AC51-0025BC4F50DB}.Debug|Any CPU.Deploy.0 = Debug|Any CPU
		{9123D4F0-383E-448B-AC51-0025BC4F50DB}.Debug|ARM.ActiveCfg = Debug|ARM
		{9123D4F0-383E-448B-AC51-0025BC4F50DB}.Debug|ARM.Build.0 = Debug|ARM
		{9123D4F0-383E-448B-AC51-0025BC4F50DB}.Debug|ARM.Deploy.0 = Debug|ARM
		{9123D4F0-383E-448B-AC51-0025BC4F50DB}.Debug|iPhone.ActiveCfg = Debug|Any CPU
		{9123D4F0-383E-448B-AC51-0025BC4F50DB}.Debug|iPhone.Build.0 = Debug|Any CPU
		{9123D4F0-383E-448B-AC51-0025BC4F50DB}.Debug|iPhone.Deploy.0 = Debug|Any CPU
		{9123D4F0-383E-448B-AC51-0025BC4F50DB}.Debug|iPhoneSimulator.ActiveCfg = Debug|Any CPU
		{9123D4F0-383E-448B-AC51-0025BC4F50DB}.Debug|iPhoneSimulator.Build.0 = Debug|Any CPU
		{9123D4F0-383E-448B-AC51-0025BC4F50DB}.Debug|iPhoneSimulator.Deploy.0 = Debug|Any CPU
		{9123D4F0-383E-448B-AC51-0025BC4F50DB}.Debug|x64.ActiveCfg = Debug|Any CPU
		{9123D4F0-383E-448B-AC51-0025BC4F50DB}.Debug|x64.Build.0 = Debug|Any CPU
		{9123D4F0-383E-448B-AC51-0025BC4F50DB}.Debug|x64.Deploy.0 = Debug|Any CPU
		{9123D4F0-383E-448B-AC51-0025BC4F50DB}.Debug|x86.ActiveCfg = Debug|x86
		{9123D4F0-383E-448B-AC51-0025BC4F50DB}.Debug|x86.Build.0 = Debug|x86
		{9123D4F0-383E-448B-AC51-0025BC4F50DB}.Debug|x86.Deploy.0 = Debug|x86
		{9123D4F0-383E-448B-AC51-0025BC4F50DB}.Release|Any CPU.ActiveCfg = Release|Any CPU
		{9123D4F0-383E-448B-AC51-0025BC4F50DB}.Release|Any CPU.Build.0 = Release|Any CPU
		{9123D4F0-383E-448B-AC51-0025BC4F50DB}.Release|Any CPU.Deploy.0 = Release|Any CPU
		{9123D4F0-383E-448B-AC51-0025BC4F50DB}.Release|ARM.ActiveCfg = Release|ARM
		{9123D4F0-383E-448B-AC51-0025BC4F50DB}.Release|ARM.Build.0 = Release|ARM
		{9123D4F0-383E-448B-AC51-0025BC4F50DB}.Release|ARM.Deploy.0 = Release|ARM
		{9123D4F0-383E-448B-AC51-0025BC4F50DB}.Release|iPhone.ActiveCfg = Release|Any CPU
		{9123D4F0-383E-448B-AC51-0025BC4F50DB}.Release|iPhone.Build.0 = Release|Any CPU
		{9123D4F0-383E-448B-AC51-0025BC4F50DB}.Release|iPhone.Deploy.0 = Release|Any CPU
		{9123D4F0-383E-448B-AC51-0025BC4F50DB}.Release|iPhoneSimulator.ActiveCfg = Release|Any CPU
		{9123D4F0-383E-448B-AC51-0025BC4F50DB}.Release|iPhoneSimulator.Build.0 = Release|Any CPU
		{9123D4F0-383E-448B-AC51-0025BC4F50DB}.Release|iPhoneSimulator.Deploy.0 = Release|Any CPU
		{9123D4F0-383E-448B-AC51-0025BC4F50DB}.Release|x64.ActiveCfg = Release|Any CPU
		{9123D4F0-383E-448B-AC51-0025BC4F50DB}.Release|x64.Build.0 = Release|Any CPU
		{9123D4F0-383E-448B-AC51-0025BC4F50DB}.Release|x64.Deploy.0 = Release|Any CPU
		{9123D4F0-383E-448B-AC51-0025BC4F50DB}.Release|x86.ActiveCfg = Release|x86
		{9123D4F0-383E-448B-AC51-0025BC4F50DB}.Release|x86.Build.0 = Release|x86
		{9123D4F0-383E-448B-AC51-0025BC4F50DB}.Release|x86.Deploy.0 = Release|x86
		{9C45E62F-A486-4837-A000-15FFB257E201}.Ad-Hoc|Any CPU.ActiveCfg = Release|Any CPU
		{9C45E62F-A486-4837-A000-15FFB257E201}.Ad-Hoc|Any CPU.Build.0 = Release|Any CPU
		{9C45E62F-A486-4837-A000-15FFB257E201}.Ad-Hoc|Any CPU.Deploy.0 = Release|Any CPU
		{9C45E62F-A486-4837-A000-15FFB257E201}.Ad-Hoc|ARM.ActiveCfg = Release|ARM
		{9C45E62F-A486-4837-A000-15FFB257E201}.Ad-Hoc|ARM.Build.0 = Release|ARM
		{9C45E62F-A486-4837-A000-15FFB257E201}.Ad-Hoc|ARM.Deploy.0 = Release|ARM
		{9C45E62F-A486-4837-A000-15FFB257E201}.Ad-Hoc|iPhone.ActiveCfg = Release|Any CPU
		{9C45E62F-A486-4837-A000-15FFB257E201}.Ad-Hoc|iPhone.Build.0 = Release|Any CPU
		{9C45E62F-A486-4837-A000-15FFB257E201}.Ad-Hoc|iPhone.Deploy.0 = Release|Any CPU
		{9C45E62F-A486-4837-A000-15FFB257E201}.Ad-Hoc|iPhoneSimulator.ActiveCfg = Release|Any CPU
		{9C45E62F-A486-4837-A000-15FFB257E201}.Ad-Hoc|iPhoneSimulator.Build.0 = Release|Any CPU
		{9C45E62F-A486-4837-A000-15FFB257E201}.Ad-Hoc|iPhoneSimulator.Deploy.0 = Release|Any CPU
		{9C45E62F-A486-4837-A000-15FFB257E201}.Ad-Hoc|x64.ActiveCfg = Release|x64
		{9C45E62F-A486-4837-A000-15FFB257E201}.Ad-Hoc|x64.Build.0 = Release|x64
		{9C45E62F-A486-4837-A000-15FFB257E201}.Ad-Hoc|x64.Deploy.0 = Release|x64
		{9C45E62F-A486-4837-A000-15FFB257E201}.Ad-Hoc|x86.ActiveCfg = Release|x86
		{9C45E62F-A486-4837-A000-15FFB257E201}.Ad-Hoc|x86.Build.0 = Release|x86
		{9C45E62F-A486-4837-A000-15FFB257E201}.Ad-Hoc|x86.Deploy.0 = Release|x86
		{9C45E62F-A486-4837-A000-15FFB257E201}.AppStore|Any CPU.ActiveCfg = Release|Any CPU
		{9C45E62F-A486-4837-A000-15FFB257E201}.AppStore|Any CPU.Build.0 = Release|Any CPU
		{9C45E62F-A486-4837-A000-15FFB257E201}.AppStore|Any CPU.Deploy.0 = Release|Any CPU
		{9C45E62F-A486-4837-A000-15FFB257E201}.AppStore|ARM.ActiveCfg = Release|ARM
		{9C45E62F-A486-4837-A000-15FFB257E201}.AppStore|ARM.Build.0 = Release|ARM
		{9C45E62F-A486-4837-A000-15FFB257E201}.AppStore|ARM.Deploy.0 = Release|ARM
		{9C45E62F-A486-4837-A000-15FFB257E201}.AppStore|iPhone.ActiveCfg = Release|Any CPU
		{9C45E62F-A486-4837-A000-15FFB257E201}.AppStore|iPhone.Build.0 = Release|Any CPU
		{9C45E62F-A486-4837-A000-15FFB257E201}.AppStore|iPhone.Deploy.0 = Release|Any CPU
		{9C45E62F-A486-4837-A000-15FFB257E201}.AppStore|iPhoneSimulator.ActiveCfg = Release|Any CPU
		{9C45E62F-A486-4837-A000-15FFB257E201}.AppStore|iPhoneSimulator.Build.0 = Release|Any CPU
		{9C45E62F-A486-4837-A000-15FFB257E201}.AppStore|iPhoneSimulator.Deploy.0 = Release|Any CPU
		{9C45E62F-A486-4837-A000-15FFB257E201}.AppStore|x64.ActiveCfg = Release|x64
		{9C45E62F-A486-4837-A000-15FFB257E201}.AppStore|x64.Build.0 = Release|x64
		{9C45E62F-A486-4837-A000-15FFB257E201}.AppStore|x64.Deploy.0 = Release|x64
		{9C45E62F-A486-4837-A000-15FFB257E201}.AppStore|x86.ActiveCfg = Release|x86
		{9C45E62F-A486-4837-A000-15FFB257E201}.AppStore|x86.Build.0 = Release|x86
		{9C45E62F-A486-4837-A000-15FFB257E201}.AppStore|x86.Deploy.0 = Release|x86
		{9C45E62F-A486-4837-A000-15FFB257E201}.Debug|Any CPU.ActiveCfg = Debug|Any CPU
		{9C45E62F-A486-4837-A000-15FFB257E201}.Debug|Any CPU.Build.0 = Debug|Any CPU
		{9C45E62F-A486-4837-A000-15FFB257E201}.Debug|Any CPU.Deploy.0 = Debug|Any CPU
		{9C45E62F-A486-4837-A000-15FFB257E201}.Debug|ARM.ActiveCfg = Debug|ARM
		{9C45E62F-A486-4837-A000-15FFB257E201}.Debug|ARM.Build.0 = Debug|ARM
		{9C45E62F-A486-4837-A000-15FFB257E201}.Debug|ARM.Deploy.0 = Debug|ARM
		{9C45E62F-A486-4837-A000-15FFB257E201}.Debug|iPhone.ActiveCfg = Debug|Any CPU
		{9C45E62F-A486-4837-A000-15FFB257E201}.Debug|iPhone.Build.0 = Debug|Any CPU
		{9C45E62F-A486-4837-A000-15FFB257E201}.Debug|iPhone.Deploy.0 = Debug|Any CPU
		{9C45E62F-A486-4837-A000-15FFB257E201}.Debug|iPhoneSimulator.ActiveCfg = Debug|Any CPU
		{9C45E62F-A486-4837-A000-15FFB257E201}.Debug|iPhoneSimulator.Build.0 = Debug|Any CPU
		{9C45E62F-A486-4837-A000-15FFB257E201}.Debug|iPhoneSimulator.Deploy.0 = Debug|Any CPU
		{9C45E62F-A486-4837-A000-15FFB257E201}.Debug|x64.ActiveCfg = Debug|x64
		{9C45E62F-A486-4837-A000-15FFB257E201}.Debug|x64.Build.0 = Debug|x64
		{9C45E62F-A486-4837-A000-15FFB257E201}.Debug|x64.Deploy.0 = Debug|x64
		{9C45E62F-A486-4837-A000-15FFB257E201}.Debug|x86.ActiveCfg = Debug|x86
		{9C45E62F-A486-4837-A000-15FFB257E201}.Debug|x86.Build.0 = Debug|x86
		{9C45E62F-A486-4837-A000-15FFB257E201}.Debug|x86.Deploy.0 = Debug|x86
		{9C45E62F-A486-4837-A000-15FFB257E201}.Release|Any CPU.ActiveCfg = Release|Any CPU
		{9C45E62F-A486-4837-A000-15FFB257E201}.Release|Any CPU.Build.0 = Release|Any CPU
		{9C45E62F-A486-4837-A000-15FFB257E201}.Release|Any CPU.Deploy.0 = Release|Any CPU
		{9C45E62F-A486-4837-A000-15FFB257E201}.Release|ARM.ActiveCfg = Release|ARM
		{9C45E62F-A486-4837-A000-15FFB257E201}.Release|ARM.Build.0 = Release|ARM
		{9C45E62F-A486-4837-A000-15FFB257E201}.Release|ARM.Deploy.0 = Release|ARM
		{9C45E62F-A486-4837-A000-15FFB257E201}.Release|iPhone.ActiveCfg = Release|Any CPU
		{9C45E62F-A486-4837-A000-15FFB257E201}.Release|iPhone.Build.0 = Release|Any CPU
		{9C45E62F-A486-4837-A000-15FFB257E201}.Release|iPhone.Deploy.0 = Release|Any CPU
		{9C45E62F-A486-4837-A000-15FFB257E201}.Release|iPhoneSimulator.ActiveCfg = Release|Any CPU
		{9C45E62F-A486-4837-A000-15FFB257E201}.Release|iPhoneSimulator.Build.0 = Release|Any CPU
		{9C45E62F-A486-4837-A000-15FFB257E201}.Release|iPhoneSimulator.Deploy.0 = Release|Any CPU
		{9C45E62F-A486-4837-A000-15FFB257E201}.Release|x64.ActiveCfg = Release|x64
		{9C45E62F-A486-4837-A000-15FFB257E201}.Release|x64.Build.0 = Release|x64
		{9C45E62F-A486-4837-A000-15FFB257E201}.Release|x64.Deploy.0 = Release|x64
		{9C45E62F-A486-4837-A000-15FFB257E201}.Release|x86.ActiveCfg = Release|x86
		{9C45E62F-A486-4837-A000-15FFB257E201}.Release|x86.Build.0 = Release|x86
		{9C45E62F-A486-4837-A000-15FFB257E201}.Release|x86.Deploy.0 = Release|x86
	EndGlobalSection
	GlobalSection(SolutionProperties) = preSolution
		HideSolutionNode = FALSE
	EndGlobalSection
EndGlobal
